
Microsoft Visual Studio Solution File, Format Version 12.00
# Visual Studio Version 17
VisualStudioVersion = 17.0.31903.59
MinimumVisualStudioVersion = 10.0.40219.1
Project("{FAE04EC0-301F-11D3-BF4B-00C04F79EFBC}") = "FirstDemo", "demos\FirstDemo\FirstDemo.csproj", "{24E7C5FF-9728-48A0-B2BF-FBE0FD28386A}"
EndProject
Project("{2150E333-8FDC-42A3-9474-1A3956D46DE8}") = "Demos", "Demos", "{C74D1299-EDB5-4CAC-8255-BA11848B491B}"
EndProject
Project("{FAE04EC0-301F-11D3-BF4B-00C04F79EFBC}") = "CrossSharp.Utils", "src\CrossSharp.Utils\CrossSharp.Utils.csproj", "{2ECEC4E5-59A7-4722-833A-1E7EDD5BC74F}"
EndProject
Project("{FAE04EC0-301F-11D3-BF4B-00C04F79EFBC}") = "CrossSharp.Ui.Form", "src\CrossSharp.Ui.Form\CrossSharp.Ui.Form.csproj", "{CCB34FBE-59A5-466E-8D75-2748F429CFD5}"
EndProject
Project("{FAE04EC0-301F-11D3-BF4B-00C04F79EFBC}") = "CrossSharp.Application", "src\CrossSharp.Application\CrossSharp.Application.csproj", "{8382B7FC-F82C-410A-8534-A4AE4B638C3C}"
EndProject
Project("{FAE04EC0-301F-11D3-BF4B-00C04F79EFBC}") = "CrossSharp.Ui.Label", "src\CrossSharp.Ui.Label\CrossSharp.Ui.Label.csproj", "{0445F931-4979-49C5-B664-39C64E552C76}"
EndProject
Project("{FAE04EC0-301F-11D3-BF4B-00C04F79EFBC}") = "CrossSharp.Ui.Panel", "src\CrossSharp.Ui.Panel\CrossSharp.Ui.Panel.csproj", "{412BED6D-48C7-43AE-AA2E-43C9667DA509}"
EndProject
Project("{FAE04EC0-301F-11D3-BF4B-00C04F79EFBC}") = "CrossSharp.Ui.Button", "src\CrossSharp.Ui.Button\CrossSharp.Ui.Button.csproj", "{05362F5F-4C0A-4512-ADFA-B1EB60E592A9}"
EndProject
Project("{FAE04EC0-301F-11D3-BF4B-00C04F79EFBC}") = "CrossSharp.Ui.Panel.Linux", "src\CrossSharp.Ui.Panel.Linux\CrossSharp.Ui.Panel.Linux.csproj", "{83B393C8-FA2D-411A-B9D4-194A676C7202}"
EndProject
Project("{FAE04EC0-301F-11D3-BF4B-00C04F79EFBC}") = "CrossSharp.Ui.Form.Linux", "src\CrossSharp.Ui.Form.Linux\CrossSharp.Ui.Form.Linux.csproj", "{EA87106E-D9D2-4B67-95A1-EB4CE8B65992}"
EndProject
Project("{FAE04EC0-301F-11D3-BF4B-00C04F79EFBC}") = "CrossSharp.Ui.FormTitleBar", "src\CrossSharp.Ui.FormTitleBar\CrossSharp.Ui.FormTitleBar.csproj", "{5B6FE62D-2266-4CD7-B8EB-F199B1907E9A}"
EndProject
Project("{FAE04EC0-301F-11D3-BF4B-00C04F79EFBC}") = "CrossSharp.Ui.FormTitleBar.Linux", "src\CrossSharp.Ui.FormTitleBar.Linux\CrossSharp.Ui.FormTitleBar.Linux.csproj", "{17BD3D51-3F2D-4105-BF44-59120985873A}"
EndProject
Project("{FAE04EC0-301F-11D3-BF4B-00C04F79EFBC}") = "CrossSharp.Ui.ControlsContainer", "src\CrossSharp.Ui.ControlsContainer\CrossSharp.Ui.ControlsContainer.csproj", "{E84B5254-A0CE-4EDF-9532-2FC7055C654F}"
EndProject
Project("{FAE04EC0-301F-11D3-BF4B-00C04F79EFBC}") = "CrossSharp.Ui.ControlsContainer.Linux", "src\CrossSharp.Ui.ControlsContainer.Linux\CrossSharp.Ui.ControlsContainer.Linux.csproj", "{DA507561-265D-477E-8A6E-95A94B14051D}"
EndProject
Project("{2150E333-8FDC-42A3-9474-1A3956D46DE8}") = "Controls", "Controls", "{A530088D-A43B-4526-A906-595919E376F2}"
EndProject
Project("{2150E333-8FDC-42A3-9474-1A3956D46DE8}") = "Button", "Button", "{583A1778-4044-4751-B80E-C111B78CA291}"
EndProject
Project("{2150E333-8FDC-42A3-9474-1A3956D46DE8}") = "ControlsContainer", "ControlsContainer", "{E010955C-4967-431A-B4CC-06FAD9CB7E90}"
EndProject
Project("{2150E333-8FDC-42A3-9474-1A3956D46DE8}") = "Form", "Form", "{D164DF44-D12F-4FC3-A7F4-6E10CD5A7D8A}"
EndProject
Project("{2150E333-8FDC-42A3-9474-1A3956D46DE8}") = "FormTitleBar", "FormTitleBar", "{E1CC87F1-5308-40CF-908D-9A0F63458E2D}"
EndProject
Project("{2150E333-8FDC-42A3-9474-1A3956D46DE8}") = "Label", "Label", "{ADA8252A-6CBD-4EBC-B95D-64A25D690227}"
EndProject
Project("{2150E333-8FDC-42A3-9474-1A3956D46DE8}") = "Panel", "Panel", "{28F529A2-522D-4A8C-9583-F1D22D1C8438}"
EndProject
Project("{FAE04EC0-301F-11D3-BF4B-00C04F79EFBC}") = "CrossSharp.Ui.Button.Linux", "src\CrossSharp.Ui.Button.Linux\CrossSharp.Ui.Button.Linux.csproj", "{10D5F40C-3805-4784-9E9A-C66F7295BD19}"
EndProject
Project("{FAE04EC0-301F-11D3-BF4B-00C04F79EFBC}") = "CrossSharp.Ui.Label.Linux", "src\CrossSharp.Ui.Label.Linux\CrossSharp.Ui.Label.Linux.csproj", "{F7845578-A20F-4CA8-A3B2-9AF0A0E17B2C}"
EndProject
Project("{FAE04EC0-301F-11D3-BF4B-00C04F79EFBC}") = "CrossSharp.Themes", "src\CrossSharp.Themes\CrossSharp.Themes.csproj", "{BA6B4E3B-606A-4467-882A-652D89AC63B8}"
EndProject
Project("{2150E333-8FDC-42A3-9474-1A3956D46DE8}") = "CenterPanel", "CenterPanel", "{AD693204-5023-4870-B2CA-75E3307770F7}"
EndProject
Project("{FAE04EC0-301F-11D3-BF4B-00C04F79EFBC}") = "CrossSharp.Ui.CenterPanel", "src\CrossSharp.Ui.CenterPanel\CrossSharp.Ui.CenterPanel.csproj", "{5F0A9B05-31CE-4BA7-9311-1095943769BB}"
EndProject
Project("{FAE04EC0-301F-11D3-BF4B-00C04F79EFBC}") = "CrossSharp.Ui.CenterPanel.Linux", "src\CrossSharp.Ui.CenterPanel.Linux\CrossSharp.Ui.CenterPanel.Linux.csproj", "{E22B1110-082D-45FE-832C-EA06F9D5A8FD}"
EndProject
Project("{FAE04EC0-301F-11D3-BF4B-00C04F79EFBC}") = "CrossSharp.Utils.Linux", "src\CrossSharp.Utils.Linux\CrossSharp.Utils.Linux.csproj", "{64E1EBA7-DA79-488D-8096-31B7F1E16127}"
EndProject
Global
	GlobalSection(SolutionConfigurationPlatforms) = preSolution
		Debug|Any CPU = Debug|Any CPU
		Release|Any CPU = Release|Any CPU
	EndGlobalSection
	GlobalSection(SolutionProperties) = preSolution
		HideSolutionNode = FALSE
	EndGlobalSection
	GlobalSection(ProjectConfigurationPlatforms) = postSolution
		{24E7C5FF-9728-48A0-B2BF-FBE0FD28386A}.Debug|Any CPU.ActiveCfg = Debug|Any CPU
		{24E7C5FF-9728-48A0-B2BF-FBE0FD28386A}.Debug|Any CPU.Build.0 = Debug|Any CPU
		{24E7C5FF-9728-48A0-B2BF-FBE0FD28386A}.Release|Any CPU.ActiveCfg = Release|Any CPU
		{24E7C5FF-9728-48A0-B2BF-FBE0FD28386A}.Release|Any CPU.Build.0 = Release|Any CPU
		{2ECEC4E5-59A7-4722-833A-1E7EDD5BC74F}.Debug|Any CPU.ActiveCfg = Debug|Any CPU
		{2ECEC4E5-59A7-4722-833A-1E7EDD5BC74F}.Debug|Any CPU.Build.0 = Debug|Any CPU
		{2ECEC4E5-59A7-4722-833A-1E7EDD5BC74F}.Release|Any CPU.ActiveCfg = Release|Any CPU
		{2ECEC4E5-59A7-4722-833A-1E7EDD5BC74F}.Release|Any CPU.Build.0 = Release|Any CPU
		{CCB34FBE-59A5-466E-8D75-2748F429CFD5}.Debug|Any CPU.ActiveCfg = Debug|Any CPU
		{CCB34FBE-59A5-466E-8D75-2748F429CFD5}.Debug|Any CPU.Build.0 = Debug|Any CPU
		{CCB34FBE-59A5-466E-8D75-2748F429CFD5}.Release|Any CPU.ActiveCfg = Release|Any CPU
		{CCB34FBE-59A5-466E-8D75-2748F429CFD5}.Release|Any CPU.Build.0 = Release|Any CPU
		{8382B7FC-F82C-410A-8534-A4AE4B638C3C}.Debug|Any CPU.ActiveCfg = Debug|Any CPU
		{8382B7FC-F82C-410A-8534-A4AE4B638C3C}.Debug|Any CPU.Build.0 = Debug|Any CPU
		{8382B7FC-F82C-410A-8534-A4AE4B638C3C}.Release|Any CPU.ActiveCfg = Release|Any CPU
		{8382B7FC-F82C-410A-8534-A4AE4B638C3C}.Release|Any CPU.Build.0 = Release|Any CPU
		{0445F931-4979-49C5-B664-39C64E552C76}.Debug|Any CPU.ActiveCfg = Debug|Any CPU
		{0445F931-4979-49C5-B664-39C64E552C76}.Debug|Any CPU.Build.0 = Debug|Any CPU
		{0445F931-4979-49C5-B664-39C64E552C76}.Release|Any CPU.ActiveCfg = Release|Any CPU
		{0445F931-4979-49C5-B664-39C64E552C76}.Release|Any CPU.Build.0 = Release|Any CPU
		{412BED6D-48C7-43AE-AA2E-43C9667DA509}.Debug|Any CPU.ActiveCfg = Debug|Any CPU
		{412BED6D-48C7-43AE-AA2E-43C9667DA509}.Debug|Any CPU.Build.0 = Debug|Any CPU
		{412BED6D-48C7-43AE-AA2E-43C9667DA509}.Release|Any CPU.ActiveCfg = Release|Any CPU
		{412BED6D-48C7-43AE-AA2E-43C9667DA509}.Release|Any CPU.Build.0 = Release|Any CPU
		{05362F5F-4C0A-4512-ADFA-B1EB60E592A9}.Debug|Any CPU.ActiveCfg = Debug|Any CPU
		{05362F5F-4C0A-4512-ADFA-B1EB60E592A9}.Debug|Any CPU.Build.0 = Debug|Any CPU
		{05362F5F-4C0A-4512-ADFA-B1EB60E592A9}.Release|Any CPU.ActiveCfg = Release|Any CPU
		{05362F5F-4C0A-4512-ADFA-B1EB60E592A9}.Release|Any CPU.Build.0 = Release|Any CPU
		{83B393C8-FA2D-411A-B9D4-194A676C7202}.Debug|Any CPU.ActiveCfg = Debug|Any CPU
		{83B393C8-FA2D-411A-B9D4-194A676C7202}.Debug|Any CPU.Build.0 = Debug|Any CPU
		{83B393C8-FA2D-411A-B9D4-194A676C7202}.Release|Any CPU.ActiveCfg = Release|Any CPU
		{83B393C8-FA2D-411A-B9D4-194A676C7202}.Release|Any CPU.Build.0 = Release|Any CPU
		{EA87106E-D9D2-4B67-95A1-EB4CE8B65992}.Debug|Any CPU.ActiveCfg = Debug|Any CPU
		{EA87106E-D9D2-4B67-95A1-EB4CE8B65992}.Debug|Any CPU.Build.0 = Debug|Any CPU
		{EA87106E-D9D2-4B67-95A1-EB4CE8B65992}.Release|Any CPU.ActiveCfg = Release|Any CPU
		{EA87106E-D9D2-4B67-95A1-EB4CE8B65992}.Release|Any CPU.Build.0 = Release|Any CPU
		{5B6FE62D-2266-4CD7-B8EB-F199B1907E9A}.Debug|Any CPU.ActiveCfg = Debug|Any CPU
		{5B6FE62D-2266-4CD7-B8EB-F199B1907E9A}.Debug|Any CPU.Build.0 = Debug|Any CPU
		{5B6FE62D-2266-4CD7-B8EB-F199B1907E9A}.Release|Any CPU.ActiveCfg = Release|Any CPU
		{5B6FE62D-2266-4CD7-B8EB-F199B1907E9A}.Release|Any CPU.Build.0 = Release|Any CPU
		{17BD3D51-3F2D-4105-BF44-59120985873A}.Debug|Any CPU.ActiveCfg = Debug|Any CPU
		{17BD3D51-3F2D-4105-BF44-59120985873A}.Debug|Any CPU.Build.0 = Debug|Any CPU
		{17BD3D51-3F2D-4105-BF44-59120985873A}.Release|Any CPU.ActiveCfg = Release|Any CPU
		{17BD3D51-3F2D-4105-BF44-59120985873A}.Release|Any CPU.Build.0 = Release|Any CPU
		{E84B5254-A0CE-4EDF-9532-2FC7055C654F}.Debug|Any CPU.ActiveCfg = Debug|Any CPU
		{E84B5254-A0CE-4EDF-9532-2FC7055C654F}.Debug|Any CPU.Build.0 = Debug|Any CPU
		{E84B5254-A0CE-4EDF-9532-2FC7055C654F}.Release|Any CPU.ActiveCfg = Release|Any CPU
		{E84B5254-A0CE-4EDF-9532-2FC7055C654F}.Release|Any CPU.Build.0 = Release|Any CPU
		{DA507561-265D-477E-8A6E-95A94B14051D}.Debug|Any CPU.ActiveCfg = Debug|Any CPU
		{DA507561-265D-477E-8A6E-95A94B14051D}.Debug|Any CPU.Build.0 = Debug|Any CPU
		{DA507561-265D-477E-8A6E-95A94B14051D}.Release|Any CPU.ActiveCfg = Release|Any CPU
		{DA507561-265D-477E-8A6E-95A94B14051D}.Release|Any CPU.Build.0 = Release|Any CPU
		{10D5F40C-3805-4784-9E9A-C66F7295BD19}.Debug|Any CPU.ActiveCfg = Debug|Any CPU
		{10D5F40C-3805-4784-9E9A-C66F7295BD19}.Debug|Any CPU.Build.0 = Debug|Any CPU
		{10D5F40C-3805-4784-9E9A-C66F7295BD19}.Release|Any CPU.ActiveCfg = Release|Any CPU
		{10D5F40C-3805-4784-9E9A-C66F7295BD19}.Release|Any CPU.Build.0 = Release|Any CPU
		{F7845578-A20F-4CA8-A3B2-9AF0A0E17B2C}.Debug|Any CPU.ActiveCfg = Debug|Any CPU
		{F7845578-A20F-4CA8-A3B2-9AF0A0E17B2C}.Debug|Any CPU.Build.0 = Debug|Any CPU
		{F7845578-A20F-4CA8-A3B2-9AF0A0E17B2C}.Release|Any CPU.ActiveCfg = Release|Any CPU
		{F7845578-A20F-4CA8-A3B2-9AF0A0E17B2C}.Release|Any CPU.Build.0 = Release|Any CPU
		{BA6B4E3B-606A-4467-882A-652D89AC63B8}.Debug|Any CPU.ActiveCfg = Debug|Any CPU
		{BA6B4E3B-606A-4467-882A-652D89AC63B8}.Debug|Any CPU.Build.0 = Debug|Any CPU
		{BA6B4E3B-606A-4467-882A-652D89AC63B8}.Release|Any CPU.ActiveCfg = Release|Any CPU
		{BA6B4E3B-606A-4467-882A-652D89AC63B8}.Release|Any CPU.Build.0 = Release|Any CPU
		{5F0A9B05-31CE-4BA7-9311-1095943769BB}.Debug|Any CPU.ActiveCfg = Debug|Any CPU
		{5F0A9B05-31CE-4BA7-9311-1095943769BB}.Debug|Any CPU.Build.0 = Debug|Any CPU
		{5F0A9B05-31CE-4BA7-9311-1095943769BB}.Release|Any CPU.ActiveCfg = Release|Any CPU
		{5F0A9B05-31CE-4BA7-9311-1095943769BB}.Release|Any CPU.Build.0 = Release|Any CPU
		{E22B1110-082D-45FE-832C-EA06F9D5A8FD}.Debug|Any CPU.ActiveCfg = Debug|Any CPU
		{E22B1110-082D-45FE-832C-EA06F9D5A8FD}.Debug|Any CPU.Build.0 = Debug|Any CPU
		{E22B1110-082D-45FE-832C-EA06F9D5A8FD}.Release|Any CPU.ActiveCfg = Release|Any CPU
		{E22B1110-082D-45FE-832C-EA06F9D5A8FD}.Release|Any CPU.Build.0 = Release|Any CPU
		{64E1EBA7-DA79-488D-8096-31B7F1E16127}.Debug|Any CPU.ActiveCfg = Debug|Any CPU
		{64E1EBA7-DA79-488D-8096-31B7F1E16127}.Debug|Any CPU.Build.0 = Debug|Any CPU
		{64E1EBA7-DA79-488D-8096-31B7F1E16127}.Release|Any CPU.ActiveCfg = Release|Any CPU
		{64E1EBA7-DA79-488D-8096-31B7F1E16127}.Release|Any CPU.Build.0 = Release|Any CPU
	EndGlobalSection
	GlobalSection(NestedProjects) = preSolution
		{24E7C5FF-9728-48A0-B2BF-FBE0FD28386A} = {C74D1299-EDB5-4CAC-8255-BA11848B491B}
		{583A1778-4044-4751-B80E-C111B78CA291} = {A530088D-A43B-4526-A906-595919E376F2}
		{05362F5F-4C0A-4512-ADFA-B1EB60E592A9} = {583A1778-4044-4751-B80E-C111B78CA291}
		{E010955C-4967-431A-B4CC-06FAD9CB7E90} = {A530088D-A43B-4526-A906-595919E376F2}
		{E84B5254-A0CE-4EDF-9532-2FC7055C654F} = {E010955C-4967-431A-B4CC-06FAD9CB7E90}
		{DA507561-265D-477E-8A6E-95A94B14051D} = {E010955C-4967-431A-B4CC-06FAD9CB7E90}
		{D164DF44-D12F-4FC3-A7F4-6E10CD5A7D8A} = {A530088D-A43B-4526-A906-595919E376F2}
		{CCB34FBE-59A5-466E-8D75-2748F429CFD5} = {D164DF44-D12F-4FC3-A7F4-6E10CD5A7D8A}
		{EA87106E-D9D2-4B67-95A1-EB4CE8B65992} = {D164DF44-D12F-4FC3-A7F4-6E10CD5A7D8A}
		{E1CC87F1-5308-40CF-908D-9A0F63458E2D} = {A530088D-A43B-4526-A906-595919E376F2}
		{5B6FE62D-2266-4CD7-B8EB-F199B1907E9A} = {E1CC87F1-5308-40CF-908D-9A0F63458E2D}
		{17BD3D51-3F2D-4105-BF44-59120985873A} = {E1CC87F1-5308-40CF-908D-9A0F63458E2D}
		{ADA8252A-6CBD-4EBC-B95D-64A25D690227} = {A530088D-A43B-4526-A906-595919E376F2}
		{0445F931-4979-49C5-B664-39C64E552C76} = {ADA8252A-6CBD-4EBC-B95D-64A25D690227}
		{28F529A2-522D-4A8C-9583-F1D22D1C8438} = {A530088D-A43B-4526-A906-595919E376F2}
		{412BED6D-48C7-43AE-AA2E-43C9667DA509} = {28F529A2-522D-4A8C-9583-F1D22D1C8438}
		{83B393C8-FA2D-411A-B9D4-194A676C7202} = {28F529A2-522D-4A8C-9583-F1D22D1C8438}
		{10D5F40C-3805-4784-9E9A-C66F7295BD19} = {583A1778-4044-4751-B80E-C111B78CA291}
		{F7845578-A20F-4CA8-A3B2-9AF0A0E17B2C} = {ADA8252A-6CBD-4EBC-B95D-64A25D690227}
		{AD693204-5023-4870-B2CA-75E3307770F7} = {A530088D-A43B-4526-A906-595919E376F2}
		{5F0A9B05-31CE-4BA7-9311-1095943769BB} = {AD693204-5023-4870-B2CA-75E3307770F7}
		{E22B1110-082D-45FE-832C-EA06F9D5A8FD} = {AD693204-5023-4870-B2CA-75E3307770F7}
	EndGlobalSection
EndGlobal
