
Microsoft Visual Studio Solution File, Format Version 12.00
# Visual Studio Version 17
VisualStudioVersion = 17.0.31903.59
MinimumVisualStudioVersion = 10.0.40219.1
Project("{2150E333-8FDC-42A3-9474-1A3956D46DE8}") = "Demos", "Demos", "{C74D1299-EDB5-4CAC-8255-BA11848B491B}"
EndProject
Project("{FAE04EC0-301F-11D3-BF4B-00C04F79EFBC}") = "CrossSharp.Utils", "src\CrossSharp.Utils\CrossSharp.Utils.csproj", "{2ECEC4E5-59A7-4722-833A-1E7EDD5BC74F}"
EndProject
Project("{FAE04EC0-301F-11D3-BF4B-00C04F79EFBC}") = "CrossSharp.Ui.Form", "src\CrossSharp.Ui.Form\CrossSharp.Ui.Form.csproj", "{CCB34FBE-59A5-466E-8D75-2748F429CFD5}"
EndProject
Project("{FAE04EC0-301F-11D3-BF4B-00C04F79EFBC}") = "CrossSharp.Application", "src\CrossSharp.Application\CrossSharp.Application.csproj", "{8382B7FC-F82C-410A-8534-A4AE4B638C3C}"
EndProject
Project("{FAE04EC0-301F-11D3-BF4B-00C04F79EFBC}") = "CrossSharp.Ui.Form.Linux", "src\CrossSharp.Ui.Form.Linux\CrossSharp.Ui.Form.Linux.csproj", "{EA87106E-D9D2-4B67-95A1-EB4CE8B65992}"
EndProject
Project("{2150E333-8FDC-42A3-9474-1A3956D46DE8}") = "Controls", "Controls", "{A530088D-A43B-4526-A906-595919E376F2}"
EndProject
Project("{2150E333-8FDC-42A3-9474-1A3956D46DE8}") = "Form", "Form", "{D164DF44-D12F-4FC3-A7F4-6E10CD5A7D8A}"
EndProject
Project("{FAE04EC0-301F-11D3-BF4B-00C04F79EFBC}") = "CrossSharp.Themes", "src\CrossSharp.Themes\CrossSharp.Themes.csproj", "{BA6B4E3B-606A-4467-882A-652D89AC63B8}"
EndProject
Project("{FAE04EC0-301F-11D3-BF4B-00C04F79EFBC}") = "CrossSharp.Utils.Linux", "src\CrossSharp.Utils.Linux\CrossSharp.Utils.Linux.csproj", "{64E1EBA7-DA79-488D-8096-31B7F1E16127}"
EndProject
Project("{2150E333-8FDC-42A3-9474-1A3956D46DE8}") = "Desktop", "Desktop", "{15A660CE-0FF0-420D-95A2-18AC6CBF1579}"
EndProject
Project("{FAE04EC0-301F-11D3-BF4B-00C04F79EFBC}") = "CrossSharp.Desktop.Notifications", "src\CrossSharp.Desktop.Notifications\CrossSharp.Desktop.Notifications.csproj", "{AC4A12C0-84D0-4B62-99D8-AA0474451AE7}"
EndProject
Project("{FAE04EC0-301F-11D3-BF4B-00C04F79EFBC}") = "Demos.SimpleForm", "demos\Demos.SimpleForm\Demos.SimpleForm.csproj", "{FD6F8BB3-359B-41CA-96D4-D7CFCF2A88A8}"
EndProject
Project("{2150E333-8FDC-42A3-9474-1A3956D46DE8}") = "Panel", "Panel", "{7443092F-3666-4D0A-A574-20F7E96F2BF9}"
EndProject
Project("{FAE04EC0-301F-11D3-BF4B-00C04F79EFBC}") = "CrossSharp.Ui.Panel", "src\CrossSharp.Ui.Panel\CrossSharp.Ui.Panel.csproj", "{294F1E27-2686-47B7-940E-238C5BEBEBBC}"
EndProject
Project("{FAE04EC0-301F-11D3-BF4B-00C04F79EFBC}") = "CrossSharp.Ui.Panel.Linux", "src\CrossSharp.Ui.Panel.Linux\CrossSharp.Ui.Panel.Linux.csproj", "{42334E59-071A-494A-947B-2D67D2ED33E1}"
EndProject
Project("{FAE04EC0-301F-11D3-BF4B-00C04F79EFBC}") = "Demos.SimpleFormWithPanels", "demos\Demos.SimpleFormWithPanels\Demos.SimpleFormWithPanels.csproj", "{665373FE-0030-4DFE-B0E8-FCCACD285BED}"
EndProject
Project("{2150E333-8FDC-42A3-9474-1A3956D46DE8}") = "Layouts", "Layouts", "{1A3018DB-4FBB-4AD9-8D3E-4A79DCECC0FF}"
EndProject
Project("{FAE04EC0-301F-11D3-BF4B-00C04F79EFBC}") = "CrossSharp.Ui.StaticLayout", "src\CrossSharp.Ui.StaticLayout\CrossSharp.Ui.StaticLayout.csproj", "{FB92540C-57E2-40DE-B005-58232E0F3610}"
EndProject
Project("{FAE04EC0-301F-11D3-BF4B-00C04F79EFBC}") = "CrossSharp.Ui.StaticLayout.Linux", "src\CrossSharp.Ui.StaticLayout.Linux\CrossSharp.Ui.StaticLayout.Linux.csproj", "{DF7F9744-E8F4-477F-A2EC-5B52C1578BF8}"
EndProject
Project("{FAE04EC0-301F-11D3-BF4B-00C04F79EFBC}") = "Demos.StackedLayout", "demos\Demos.StackedLayout\Demos.StackedLayout.csproj", "{9D3257BA-365F-4CF8-98E6-992AE7D9BE9D}"
EndProject
Project("{FAE04EC0-301F-11D3-BF4B-00C04F79EFBC}") = "CrossSharp.Ui.StackedLayout", "src\CrossSharp.Ui.StackedLayout\CrossSharp.Ui.StackedLayout.csproj", "{9E2C39F6-1A5E-4565-B3EE-C1A2EBC1617F}"
EndProject
Project("{FAE04EC0-301F-11D3-BF4B-00C04F79EFBC}") = "CrossSharp.Ui.StackedLayout.Linux", "src\CrossSharp.Ui.StackedLayout.Linux\CrossSharp.Ui.StackedLayout.Linux.csproj", "{C9D07C8B-A21E-4CC6-BE07-A1A42145F181}"
EndProject
Project("{2150E333-8FDC-42A3-9474-1A3956D46DE8}") = "Button", "Button", "{E6848F50-276B-471B-9564-5C16D276241F}"
EndProject
Project("{2150E333-8FDC-42A3-9474-1A3956D46DE8}") = "Label", "Label", "{2B8D4436-8C7C-4851-95CC-FACFDD0F8F47}"
EndProject
Project("{FAE04EC0-301F-11D3-BF4B-00C04F79EFBC}") = "CrossSharp.Ui.Label", "src\CrossSharp.Ui.Label\CrossSharp.Ui.Label.csproj", "{D74435F0-0AC2-47DA-AF21-636C1A45FDED}"
EndProject
Project("{FAE04EC0-301F-11D3-BF4B-00C04F79EFBC}") = "CrossSharp.Ui.Label.Linux", "src\CrossSharp.Ui.Label.Linux\CrossSharp.Ui.Label.Linux.csproj", "{1F34D1A1-523D-4BC8-82D0-C3A92894594A}"
EndProject
Project("{FAE04EC0-301F-11D3-BF4B-00C04F79EFBC}") = "Demos.Label", "demos\Demos.Label\Demos.Label.csproj", "{8BA77253-EF1B-4B50-B675-33685122F985}"
EndProject
Project("{FAE04EC0-301F-11D3-BF4B-00C04F79EFBC}") = "CrossSharp.Diagnostics", "src\CrossSharp.Diagnostics\CrossSharp.Diagnostics.csproj", "{A7CB0BAB-CDFD-4FC1-AFC0-69C2EAE38247}"
EndProject
Project("{FAE04EC0-301F-11D3-BF4B-00C04F79EFBC}") = "CrossSharp.Ui.Button", "src\CrossSharp.Ui.Button\CrossSharp.Ui.Button.csproj", "{75A76ED8-70F9-4909-BB1A-5599AE21242C}"
EndProject
Project("{FAE04EC0-301F-11D3-BF4B-00C04F79EFBC}") = "CrossSharp.Ui.Button.Linux", "src\CrossSharp.Ui.Button.Linux\CrossSharp.Ui.Button.Linux.csproj", "{5346348F-156F-4337-B8E9-E2616E41A6C7}"
EndProject
Project("{FAE04EC0-301F-11D3-BF4B-00C04F79EFBC}") = "Demos.Button", "demos\Demos.Button\Demos.Button.csproj", "{5560DC20-3567-49A1-BC1C-BE521DDE2B39}"
EndProject
Project("{FAE04EC0-301F-11D3-BF4B-00C04F79EFBC}") = "CrossSharp.Ui.Input", "src\CrossSharp.Ui.Input\CrossSharp.Ui.Input.csproj", "{E16C2539-AB08-4CC7-B121-C5524E0E1001}"
EndProject
Project("{2150E333-8FDC-42A3-9474-1A3956D46DE8}") = "Input", "Input", "{E37A215A-7B44-4B63-9ACB-DA4175C7D185}"
EndProject
Project("{FAE04EC0-301F-11D3-BF4B-00C04F79EFBC}") = "CrossSharp.Ui.Input.Linux", "src\CrossSharp.Ui.Input.Linux\CrossSharp.Ui.Input.Linux.csproj", "{9FA42986-526E-46D9-94B3-A6D2F45A5EC0}"
EndProject
Project("{FAE04EC0-301F-11D3-BF4B-00C04F79EFBC}") = "Demos.Input", "demos\Demos.Input\Demos.Input.csproj", "{FDE727D5-7D9F-44A8-BB08-0BF998B13BA0}"
EndProject
Project("{FAE04EC0-301F-11D3-BF4B-00C04F79EFBC}") = "CrossSharp.Ui.ModularForm", "src\CrossSharp.Ui.ModularForm\CrossSharp.Ui.ModularForm.csproj", "{6EB52598-0094-4032-A145-A4B1D393F095}"
EndProject
Project("{FAE04EC0-301F-11D3-BF4B-00C04F79EFBC}") = "CrossSharp.Ui.ModularForm.Linux", "src\CrossSharp.Ui.ModularForm.Linux\CrossSharp.Ui.ModularForm.Linux.csproj", "{7A2EDFC1-DA74-448F-9C12-829631E236D6}"
EndProject
Project("{FAE04EC0-301F-11D3-BF4B-00C04F79EFBC}") = "Demos.ModularForm", "src\Demos.ModularForm\Demos.ModularForm.csproj", "{714C62CC-C01E-4A83-AD16-0D2FE41497E0}"
EndProject
Project("{FAE04EC0-301F-11D3-BF4B-00C04F79EFBC}") = "CrossSharp.DynamicControlsController", "src\CrossSharp.DynamicControlsController\CrossSharp.DynamicControlsController.csproj", "{2A80F4D3-87FF-4413-A546-7755C00343C0}"
EndProject
Project("{2150E333-8FDC-42A3-9474-1A3956D46DE8}") = "Tests", "Tests", "{41A6E6B0-D08A-4AAD-81AA-4D53FBA2AB0D}"
EndProject
Project("{FAE04EC0-301F-11D3-BF4B-00C04F79EFBC}") = "Tests.Demo", "tests\Tests.Demo\Tests.Demo.csproj", "{21DB0320-2B84-4458-919F-6258A9AB2A0D}"
EndProject
Project("{FAE04EC0-301F-11D3-BF4B-00C04F79EFBC}") = "Tests.Demo.Utils", "tests\Tests.Demo.Utils\Tests.Demo.Utils.csproj", "{735D65D3-D9DE-48E0-8930-F83737C3429D}"
EndProject
Project("{FAE04EC0-301F-11D3-BF4B-00C04F79EFBC}") = "Tests.Demo.ScreenShots", "tests\Tests.Demo.ScreenShots\Tests.Demo.ScreenShots.csproj", "{EA4BEEFA-DEE0-4B2C-9142-D4C5CB7975A6}"
EndProject
Project("{FAE04EC0-301F-11D3-BF4B-00C04F79EFBC}") = "CrossSharp", "src\CrossSharp\CrossSharp.csproj", "{28AABA3C-3AA9-48DF-8BFD-839BF4B7669E}"
EndProject
Project("{FAE04EC0-301F-11D3-BF4B-00C04F79EFBC}") = "Tests.Utils", "tests\Tests.Utils\Tests.Utils.csproj", "{5619AFEF-A867-4543-B494-5CEDF654CCD2}"
EndProject
Project("{FAE04EC0-301F-11D3-BF4B-00C04F79EFBC}") = "Demos.GitControl", "demos\Demos.GitControl\Demos.GitControl.csproj", "{A5167A65-B158-42F1-9C4A-333D3E3519A1}"
EndProject
Project("{FAE04EC0-301F-11D3-BF4B-00C04F79EFBC}") = "CrossSharp.Ui.FlowLayout", "src\CrossSharp.Ui.FlowLayout\CrossSharp.Ui.FlowLayout.csproj", "{1117CDCD-05B2-48A1-91E1-60BCEBE8C40F}"
EndProject
Project("{FAE04EC0-301F-11D3-BF4B-00C04F79EFBC}") = "CrossSharp.Ui.FlowLayout.Linux", "src\CrossSharp.Ui.FlowLayout.Linux\CrossSharp.Ui.FlowLayout.Linux.csproj", "{38110BDE-C5AA-4D66-8246-8753F4A32218}"
EndProject
Project("{FAE04EC0-301F-11D3-BF4B-00C04F79EFBC}") = "Demos.FlowLayout", "demos\Demos.FlowLayout\Demos.FlowLayout.csproj", "{CFB2C4E3-5AC2-44F4-8411-067E0ADAB1AC}"
EndProject
Project("{FAE04EC0-301F-11D3-BF4B-00C04F79EFBC}") = "Demos.TextEditor", "demos\Demos.TextEditor\Demos.TextEditor.csproj", "{0D4C0745-71BA-4973-8496-3929CEEBD34D}"
EndProject
Project("{FAE04EC0-301F-11D3-BF4B-00C04F79EFBC}") = "CrossSharp.Ui.TabbedLayout", "src\CrossSharp.Ui.TabbedLayout\CrossSharp.Ui.TabbedLayout.csproj", "{9BEC5E78-ABD6-4194-A794-7E52E7FF3706}"
EndProject
Project("{FAE04EC0-301F-11D3-BF4B-00C04F79EFBC}") = "CrossSharp.Ui.TabbedLayout.Linux", "src\CrossSharp.Ui.TabbedLayout.Linux\CrossSharp.Ui.TabbedLayout.Linux.csproj", "{335DF564-AA14-45FD-A081-83D072570EE5}"
EndProject
Project("{FAE04EC0-301F-11D3-BF4B-00C04F79EFBC}") = "Demos.TabbedLayout", "demos\Demos.TabbedLayout\Demos.TabbedLayout.csproj", "{DAF799DA-0681-4E03-A970-640F00838110}"
EndProject
Project("{FAE04EC0-301F-11D3-BF4B-00C04F79EFBC}") = "Tests.ScreenShots", "tests\Tests.ScreenShots\Tests.ScreenShots.csproj", "{73B0B854-4718-4F41-8C19-8AC38B18A085}"
EndProject
Project("{FAE04EC0-301F-11D3-BF4B-00C04F79EFBC}") = "Tests.Common", "tests\Tests.Common\Tests.Common.csproj", "{BC100CF2-6DFB-4932-9BFA-E47C98FA4690}"
EndProject
Project("{2150E333-8FDC-42A3-9474-1A3956D46DE8}") = "FilesPicker", "FilesPicker", "{D91EFBF6-C407-4287-895C-9EB5A819C1AA}"
EndProject
Project("{FAE04EC0-301F-11D3-BF4B-00C04F79EFBC}") = "CrossSharp.Ui.FilesPicker", "src\CrossSharp.Ui.FilesPicker\CrossSharp.Ui.FilesPicker.csproj", "{15A0BED0-5D3F-4547-82F7-86FBBFB99E04}"
EndProject
Project("{FAE04EC0-301F-11D3-BF4B-00C04F79EFBC}") = "CrossSharp.Ui.FilesPicker.Linux", "src\CrossSharp.Ui.FilesPicker.Linux\CrossSharp.Ui.FilesPicker.Linux.csproj", "{FB5501D3-4987-454A-B9E6-0719CB9B9488}"
EndProject
Project("{FAE04EC0-301F-11D3-BF4B-00C04F79EFBC}") = "Demos.FilesPicker", "demos\Demos.FilesPicker\Demos.FilesPicker.csproj", "{849FC89E-97BA-4CD2-8912-58364DB7DEDC}"
EndProject
Project("{FAE04EC0-301F-11D3-BF4B-00C04F79EFBC}") = "CrossSharp.Ui.Form.Windows", "src\CrossSharp.Ui.Form.Windows\CrossSharp.Ui.Form.Windows.csproj", "{2374CA11-C149-4F21-90FD-EAC51784085C}"
EndProject
Project("{FAE04EC0-301F-11D3-BF4B-00C04F79EFBC}") = "CrossSharp.Utils.Windows", "src\CrossSharp.Utils.Windows\CrossSharp.Utils.Windows.csproj", "{EE8BA314-DD03-43B5-B57F-63A535DD16D3}"
EndProject
Project("{FAE04EC0-301F-11D3-BF4B-00C04F79EFBC}") = "CrossSharp.Ui.Form.Common", "src\CrossSharp.Ui.Form.Common\CrossSharp.Ui.Form.Common.csproj", "{53860590-585E-4D08-A6B6-DB78AACE1DEE}"
EndProject
Project("{FAE04EC0-301F-11D3-BF4B-00C04F79EFBC}") = "CrossSharp.Ui.ModularForm.Windows", "src\CrossSharp.Ui.ModularForm.Windows\CrossSharp.Ui.ModularForm.Windows.csproj", "{61B60447-7F39-40E1-B7F6-C87D947F9A8B}"
EndProject
Project("{FAE04EC0-301F-11D3-BF4B-00C04F79EFBC}") = "CrossSharp.Ui.ModularForm.Common", "src\CrossSharp.Ui.ModularForm.Common\CrossSharp.Ui.ModularForm.Common.csproj", "{C9BF5F4F-6A4A-46D9-86C2-8643412ACBDB}"
EndProject
Project("{FAE04EC0-301F-11D3-BF4B-00C04F79EFBC}") = "CrossSharp.Ui.Button.Common", "src\CrossSharp.Ui.Button.Common\CrossSharp.Ui.Button.Common.csproj", "{2015676E-038F-4762-9AB0-A944B75C59D6}"
EndProject
Project("{FAE04EC0-301F-11D3-BF4B-00C04F79EFBC}") = "CrossSharp.Ui.Button.Windows", "src\CrossSharp.Ui.Button.Windows\CrossSharp.Ui.Button.Windows.csproj", "{B31B0030-42DE-4A1E-84CB-43C7105E204D}"
EndProject
Project("{FAE04EC0-301F-11D3-BF4B-00C04F79EFBC}") = "CrossSharp.Ui.FilesPicker.Common", "src\CrossSharp.Ui.FilesPicker.Common\CrossSharp.Ui.FilesPicker.Common.csproj", "{EFCF3676-3A61-4D62-B2F6-AD299DBF4B00}"
EndProject
Project("{FAE04EC0-301F-11D3-BF4B-00C04F79EFBC}") = "CrossSharp.Ui.FilesPicker.Windows", "src\CrossSharp.Ui.FilesPicker.Windows\CrossSharp.Ui.FilesPicker.Windows.csproj", "{AB54AAE2-64D4-4883-8E0B-CEE605B86CBF}"
EndProject
Project("{FAE04EC0-301F-11D3-BF4B-00C04F79EFBC}") = "CrossSharp.Ui.Input.Common", "src\CrossSharp.Ui.Input.Common\CrossSharp.Ui.Input.Common.csproj", "{761ED724-C2E4-4D6C-A98D-5367F4B754DD}"
EndProject
Project("{FAE04EC0-301F-11D3-BF4B-00C04F79EFBC}") = "CrossSharp.Ui.Input.Windows", "src\CrossSharp.Ui.Input.Windows\CrossSharp.Ui.Input.Windows.csproj", "{D8E1151B-E61A-4BAF-930D-686D4ED29F66}"
EndProject
Project("{FAE04EC0-301F-11D3-BF4B-00C04F79EFBC}") = "CrossSharp.Ui.Label.Common", "src\CrossSharp.Ui.Label.Common\CrossSharp.Ui.Label.Common.csproj", "{C5AF568F-34E9-45B2-A54D-64806644D86B}"
EndProject
Project("{FAE04EC0-301F-11D3-BF4B-00C04F79EFBC}") = "CrossSharp.Ui.Label.Windows", "src\CrossSharp.Ui.Label.Windows\CrossSharp.Ui.Label.Windows.csproj", "{B3749E1E-0083-4E53-8FB8-9AAFC49EBB8B}"
EndProject
Project("{2150E333-8FDC-42A3-9474-1A3956D46DE8}") = "Form", "Form", "{9194031C-D49D-4FE8-8D90-FC7301AF8CEF}"
EndProject
Project("{2150E333-8FDC-42A3-9474-1A3956D46DE8}") = "ModularForm", "ModularForm", "{2CC941F6-F9EC-4F9E-8246-DDA0EA02C7FA}"
EndProject
Project("{2150E333-8FDC-42A3-9474-1A3956D46DE8}") = "FlowLayout", "FlowLayout", "{D3739D4B-4198-478A-8769-7E01DF8B7AED}"
EndProject
Project("{2150E333-8FDC-42A3-9474-1A3956D46DE8}") = "StackedLayout", "StackedLayout", "{A953CDA4-7EC1-4E67-B501-77EAFA99A931}"
EndProject
Project("{2150E333-8FDC-42A3-9474-1A3956D46DE8}") = "StaticLayout", "StaticLayout", "{491E2D2A-FB42-4070-8571-75F2F9F2BC0F}"
EndProject
Project("{2150E333-8FDC-42A3-9474-1A3956D46DE8}") = "TabbedLayout", "TabbedLayout", "{AD253D97-21AC-4EB2-BF44-E694BB5B988C}"
EndProject
Project("{FAE04EC0-301F-11D3-BF4B-00C04F79EFBC}") = "CrossSharp.Ui.FlowLayout.Common", "src\CrossSharp.Ui.FlowLayout.Common\CrossSharp.Ui.FlowLayout.Common.csproj", "{62AB50F5-41BC-4E12-92EE-21038F70D605}"
EndProject
Project("{FAE04EC0-301F-11D3-BF4B-00C04F79EFBC}") = "CrossSharp.Ui.FlowLayout.Windows", "src\CrossSharp.Ui.FlowLayout.Windows\CrossSharp.Ui.FlowLayout.Windows.csproj", "{6BE5D9A8-0F90-4EA3-A470-07E37E286D4D}"
EndProject
Project("{FAE04EC0-301F-11D3-BF4B-00C04F79EFBC}") = "CrossSharp.Ui.StackedLayout.Common", "src\CrossSharp.Ui.StackedLayout.Common\CrossSharp.Ui.StackedLayout.Common.csproj", "{511346B4-07E3-42D6-9A12-9F28061A4D95}"
EndProject
Project("{FAE04EC0-301F-11D3-BF4B-00C04F79EFBC}") = "CrossSharp.Ui.StackedLayout.Windows", "src\CrossSharp.Ui.StackedLayout.Windows\CrossSharp.Ui.StackedLayout.Windows.csproj", "{E06C3333-3BBF-467A-9C69-0E30F9C1E52B}"
EndProject
Project("{FAE04EC0-301F-11D3-BF4B-00C04F79EFBC}") = "CrossSharp.Ui.StaticLayout.Common", "src\CrossSharp.Ui.StaticLayout.Common\CrossSharp.Ui.StaticLayout.Common.csproj", "{AF9B291A-3F36-4975-A2D4-7E57C3600777}"
EndProject
Project("{FAE04EC0-301F-11D3-BF4B-00C04F79EFBC}") = "CrossSharp.Ui.StaticLayout.Windows", "src\CrossSharp.Ui.StaticLayout.Windows\CrossSharp.Ui.StaticLayout.Windows.csproj", "{1ED5AD3E-B607-4A7D-BE5C-D9A95D076AE0}"
EndProject
Project("{FAE04EC0-301F-11D3-BF4B-00C04F79EFBC}") = "CrossSharp.Ui.TabbedLayout.Common", "src\CrossSharp.Ui.TabbedLayout.Common\CrossSharp.Ui.TabbedLayout.Common.csproj", "{299861E2-8CF4-4870-9008-5467FF740AD0}"
EndProject
Project("{FAE04EC0-301F-11D3-BF4B-00C04F79EFBC}") = "CrossSharp.Ui.TabbedLayout.Windows", "src\CrossSharp.Ui.TabbedLayout.Windows\CrossSharp.Ui.TabbedLayout.Windows.csproj", "{075697A1-5E98-4C54-88BB-B1D85D6E41AA}"
EndProject
Project("{FAE04EC0-301F-11D3-BF4B-00C04F79EFBC}") = "CrossSharp.Ui.Panel.Common", "src\CrossSharp.Ui.Panel.Common\CrossSharp.Ui.Panel.Common.csproj", "{36E56CB4-4438-4333-8D5D-9E1EF4E7334D}"
EndProject
Project("{FAE04EC0-301F-11D3-BF4B-00C04F79EFBC}") = "CrossSharp.Ui.Panel.Windows", "src\CrossSharp.Ui.Panel.Windows\CrossSharp.Ui.Panel.Windows.csproj", "{740D67D4-42FF-4D7E-808F-6AD0D82ACE7E}"
EndProject
Project("{2150E333-8FDC-42A3-9474-1A3956D46DE8}") = "Accordion", "Accordion", "{319EA5D8-6441-4182-80F4-9E693A1A9722}"
EndProject
Project("{FAE04EC0-301F-11D3-BF4B-00C04F79EFBC}") = "CrossSharp.Ui.Accordion", "src\CrossSharp.Ui.Accordion\CrossSharp.Ui.Accordion.csproj", "{97E53EB6-A60A-4724-936A-FDC3A4EC2986}"
EndProject
Project("{FAE04EC0-301F-11D3-BF4B-00C04F79EFBC}") = "CrossSharp.Ui.Accordion.Common", "src\CrossSharp.Ui.Accordion.Common\CrossSharp.Ui.Accordion.Common.csproj", "{18FE816F-EE72-4374-8CFD-903B7EE8F4B9}"
EndProject
Project("{FAE04EC0-301F-11D3-BF4B-00C04F79EFBC}") = "CrossSharp.Ui.Accordion.Linux", "src\CrossSharp.Ui.Accordion.Linux\CrossSharp.Ui.Accordion.Linux.csproj", "{AB410F62-D5D9-4ED8-AE5B-2D95125285F1}"
EndProject
Project("{FAE04EC0-301F-11D3-BF4B-00C04F79EFBC}") = "CrossSharp.Ui.Accordion.Windows", "src\CrossSharp.Ui.Accordion.Windows\CrossSharp.Ui.Accordion.Windows.csproj", "{D31948EF-E16F-41B9-B11A-4C8B6A3ACD3C}"
EndProject
Global
	GlobalSection(SolutionConfigurationPlatforms) = preSolution
		Debug|Any CPU = Debug|Any CPU
		Release|Any CPU = Release|Any CPU
	EndGlobalSection
	GlobalSection(SolutionProperties) = preSolution
		HideSolutionNode = FALSE
	EndGlobalSection
	GlobalSection(ProjectConfigurationPlatforms) = postSolution
		{2ECEC4E5-59A7-4722-833A-1E7EDD5BC74F}.Debug|Any CPU.ActiveCfg = Debug|Any CPU
		{2ECEC4E5-59A7-4722-833A-1E7EDD5BC74F}.Debug|Any CPU.Build.0 = Debug|Any CPU
		{2ECEC4E5-59A7-4722-833A-1E7EDD5BC74F}.Release|Any CPU.ActiveCfg = Release|Any CPU
		{2ECEC4E5-59A7-4722-833A-1E7EDD5BC74F}.Release|Any CPU.Build.0 = Release|Any CPU
		{CCB34FBE-59A5-466E-8D75-2748F429CFD5}.Debug|Any CPU.ActiveCfg = Debug|Any CPU
		{CCB34FBE-59A5-466E-8D75-2748F429CFD5}.Debug|Any CPU.Build.0 = Debug|Any CPU
		{CCB34FBE-59A5-466E-8D75-2748F429CFD5}.Release|Any CPU.ActiveCfg = Release|Any CPU
		{CCB34FBE-59A5-466E-8D75-2748F429CFD5}.Release|Any CPU.Build.0 = Release|Any CPU
		{8382B7FC-F82C-410A-8534-A4AE4B638C3C}.Debug|Any CPU.ActiveCfg = Debug|Any CPU
		{8382B7FC-F82C-410A-8534-A4AE4B638C3C}.Debug|Any CPU.Build.0 = Debug|Any CPU
		{8382B7FC-F82C-410A-8534-A4AE4B638C3C}.Release|Any CPU.ActiveCfg = Release|Any CPU
		{8382B7FC-F82C-410A-8534-A4AE4B638C3C}.Release|Any CPU.Build.0 = Release|Any CPU
		{EA87106E-D9D2-4B67-95A1-EB4CE8B65992}.Debug|Any CPU.ActiveCfg = Debug|Any CPU
		{EA87106E-D9D2-4B67-95A1-EB4CE8B65992}.Debug|Any CPU.Build.0 = Debug|Any CPU
		{EA87106E-D9D2-4B67-95A1-EB4CE8B65992}.Release|Any CPU.ActiveCfg = Release|Any CPU
		{EA87106E-D9D2-4B67-95A1-EB4CE8B65992}.Release|Any CPU.Build.0 = Release|Any CPU
		{BA6B4E3B-606A-4467-882A-652D89AC63B8}.Debug|Any CPU.ActiveCfg = Debug|Any CPU
		{BA6B4E3B-606A-4467-882A-652D89AC63B8}.Debug|Any CPU.Build.0 = Debug|Any CPU
		{BA6B4E3B-606A-4467-882A-652D89AC63B8}.Release|Any CPU.ActiveCfg = Release|Any CPU
		{BA6B4E3B-606A-4467-882A-652D89AC63B8}.Release|Any CPU.Build.0 = Release|Any CPU
		{64E1EBA7-DA79-488D-8096-31B7F1E16127}.Debug|Any CPU.ActiveCfg = Debug|Any CPU
		{64E1EBA7-DA79-488D-8096-31B7F1E16127}.Debug|Any CPU.Build.0 = Debug|Any CPU
		{64E1EBA7-DA79-488D-8096-31B7F1E16127}.Release|Any CPU.ActiveCfg = Release|Any CPU
		{64E1EBA7-DA79-488D-8096-31B7F1E16127}.Release|Any CPU.Build.0 = Release|Any CPU
		{AC4A12C0-84D0-4B62-99D8-AA0474451AE7}.Debug|Any CPU.ActiveCfg = Debug|Any CPU
		{AC4A12C0-84D0-4B62-99D8-AA0474451AE7}.Debug|Any CPU.Build.0 = Debug|Any CPU
		{AC4A12C0-84D0-4B62-99D8-AA0474451AE7}.Release|Any CPU.ActiveCfg = Release|Any CPU
		{AC4A12C0-84D0-4B62-99D8-AA0474451AE7}.Release|Any CPU.Build.0 = Release|Any CPU
		{FD6F8BB3-359B-41CA-96D4-D7CFCF2A88A8}.Debug|Any CPU.ActiveCfg = Debug|Any CPU
		{FD6F8BB3-359B-41CA-96D4-D7CFCF2A88A8}.Debug|Any CPU.Build.0 = Debug|Any CPU
		{FD6F8BB3-359B-41CA-96D4-D7CFCF2A88A8}.Release|Any CPU.ActiveCfg = Release|Any CPU
		{FD6F8BB3-359B-41CA-96D4-D7CFCF2A88A8}.Release|Any CPU.Build.0 = Release|Any CPU
		{294F1E27-2686-47B7-940E-238C5BEBEBBC}.Debug|Any CPU.ActiveCfg = Debug|Any CPU
		{294F1E27-2686-47B7-940E-238C5BEBEBBC}.Debug|Any CPU.Build.0 = Debug|Any CPU
		{294F1E27-2686-47B7-940E-238C5BEBEBBC}.Release|Any CPU.ActiveCfg = Release|Any CPU
		{294F1E27-2686-47B7-940E-238C5BEBEBBC}.Release|Any CPU.Build.0 = Release|Any CPU
		{42334E59-071A-494A-947B-2D67D2ED33E1}.Debug|Any CPU.ActiveCfg = Debug|Any CPU
		{42334E59-071A-494A-947B-2D67D2ED33E1}.Debug|Any CPU.Build.0 = Debug|Any CPU
		{42334E59-071A-494A-947B-2D67D2ED33E1}.Release|Any CPU.ActiveCfg = Release|Any CPU
		{42334E59-071A-494A-947B-2D67D2ED33E1}.Release|Any CPU.Build.0 = Release|Any CPU
		{665373FE-0030-4DFE-B0E8-FCCACD285BED}.Debug|Any CPU.ActiveCfg = Debug|Any CPU
		{665373FE-0030-4DFE-B0E8-FCCACD285BED}.Debug|Any CPU.Build.0 = Debug|Any CPU
		{665373FE-0030-4DFE-B0E8-FCCACD285BED}.Release|Any CPU.ActiveCfg = Release|Any CPU
		{665373FE-0030-4DFE-B0E8-FCCACD285BED}.Release|Any CPU.Build.0 = Release|Any CPU
		{FB92540C-57E2-40DE-B005-58232E0F3610}.Debug|Any CPU.ActiveCfg = Debug|Any CPU
		{FB92540C-57E2-40DE-B005-58232E0F3610}.Debug|Any CPU.Build.0 = Debug|Any CPU
		{FB92540C-57E2-40DE-B005-58232E0F3610}.Release|Any CPU.ActiveCfg = Release|Any CPU
		{FB92540C-57E2-40DE-B005-58232E0F3610}.Release|Any CPU.Build.0 = Release|Any CPU
		{DF7F9744-E8F4-477F-A2EC-5B52C1578BF8}.Debug|Any CPU.ActiveCfg = Debug|Any CPU
		{DF7F9744-E8F4-477F-A2EC-5B52C1578BF8}.Debug|Any CPU.Build.0 = Debug|Any CPU
		{DF7F9744-E8F4-477F-A2EC-5B52C1578BF8}.Release|Any CPU.ActiveCfg = Release|Any CPU
		{DF7F9744-E8F4-477F-A2EC-5B52C1578BF8}.Release|Any CPU.Build.0 = Release|Any CPU
		{9D3257BA-365F-4CF8-98E6-992AE7D9BE9D}.Debug|Any CPU.ActiveCfg = Debug|Any CPU
		{9D3257BA-365F-4CF8-98E6-992AE7D9BE9D}.Debug|Any CPU.Build.0 = Debug|Any CPU
		{9D3257BA-365F-4CF8-98E6-992AE7D9BE9D}.Release|Any CPU.ActiveCfg = Release|Any CPU
		{9D3257BA-365F-4CF8-98E6-992AE7D9BE9D}.Release|Any CPU.Build.0 = Release|Any CPU
		{9E2C39F6-1A5E-4565-B3EE-C1A2EBC1617F}.Debug|Any CPU.ActiveCfg = Debug|Any CPU
		{9E2C39F6-1A5E-4565-B3EE-C1A2EBC1617F}.Debug|Any CPU.Build.0 = Debug|Any CPU
		{9E2C39F6-1A5E-4565-B3EE-C1A2EBC1617F}.Release|Any CPU.ActiveCfg = Release|Any CPU
		{9E2C39F6-1A5E-4565-B3EE-C1A2EBC1617F}.Release|Any CPU.Build.0 = Release|Any CPU
		{C9D07C8B-A21E-4CC6-BE07-A1A42145F181}.Debug|Any CPU.ActiveCfg = Debug|Any CPU
		{C9D07C8B-A21E-4CC6-BE07-A1A42145F181}.Debug|Any CPU.Build.0 = Debug|Any CPU
		{C9D07C8B-A21E-4CC6-BE07-A1A42145F181}.Release|Any CPU.ActiveCfg = Release|Any CPU
		{C9D07C8B-A21E-4CC6-BE07-A1A42145F181}.Release|Any CPU.Build.0 = Release|Any CPU
		{D74435F0-0AC2-47DA-AF21-636C1A45FDED}.Debug|Any CPU.ActiveCfg = Debug|Any CPU
		{D74435F0-0AC2-47DA-AF21-636C1A45FDED}.Debug|Any CPU.Build.0 = Debug|Any CPU
		{D74435F0-0AC2-47DA-AF21-636C1A45FDED}.Release|Any CPU.ActiveCfg = Release|Any CPU
		{D74435F0-0AC2-47DA-AF21-636C1A45FDED}.Release|Any CPU.Build.0 = Release|Any CPU
		{1F34D1A1-523D-4BC8-82D0-C3A92894594A}.Debug|Any CPU.ActiveCfg = Debug|Any CPU
		{1F34D1A1-523D-4BC8-82D0-C3A92894594A}.Debug|Any CPU.Build.0 = Debug|Any CPU
		{1F34D1A1-523D-4BC8-82D0-C3A92894594A}.Release|Any CPU.ActiveCfg = Release|Any CPU
		{1F34D1A1-523D-4BC8-82D0-C3A92894594A}.Release|Any CPU.Build.0 = Release|Any CPU
		{8BA77253-EF1B-4B50-B675-33685122F985}.Debug|Any CPU.ActiveCfg = Debug|Any CPU
		{8BA77253-EF1B-4B50-B675-33685122F985}.Debug|Any CPU.Build.0 = Debug|Any CPU
		{8BA77253-EF1B-4B50-B675-33685122F985}.Release|Any CPU.ActiveCfg = Release|Any CPU
		{8BA77253-EF1B-4B50-B675-33685122F985}.Release|Any CPU.Build.0 = Release|Any CPU
		{A7CB0BAB-CDFD-4FC1-AFC0-69C2EAE38247}.Debug|Any CPU.ActiveCfg = Debug|Any CPU
		{A7CB0BAB-CDFD-4FC1-AFC0-69C2EAE38247}.Debug|Any CPU.Build.0 = Debug|Any CPU
		{A7CB0BAB-CDFD-4FC1-AFC0-69C2EAE38247}.Release|Any CPU.ActiveCfg = Release|Any CPU
		{A7CB0BAB-CDFD-4FC1-AFC0-69C2EAE38247}.Release|Any CPU.Build.0 = Release|Any CPU
		{75A76ED8-70F9-4909-BB1A-5599AE21242C}.Debug|Any CPU.ActiveCfg = Debug|Any CPU
		{75A76ED8-70F9-4909-BB1A-5599AE21242C}.Debug|Any CPU.Build.0 = Debug|Any CPU
		{75A76ED8-70F9-4909-BB1A-5599AE21242C}.Release|Any CPU.ActiveCfg = Release|Any CPU
		{75A76ED8-70F9-4909-BB1A-5599AE21242C}.Release|Any CPU.Build.0 = Release|Any CPU
		{5346348F-156F-4337-B8E9-E2616E41A6C7}.Debug|Any CPU.ActiveCfg = Debug|Any CPU
		{5346348F-156F-4337-B8E9-E2616E41A6C7}.Debug|Any CPU.Build.0 = Debug|Any CPU
		{5346348F-156F-4337-B8E9-E2616E41A6C7}.Release|Any CPU.ActiveCfg = Release|Any CPU
		{5346348F-156F-4337-B8E9-E2616E41A6C7}.Release|Any CPU.Build.0 = Release|Any CPU
		{5560DC20-3567-49A1-BC1C-BE521DDE2B39}.Debug|Any CPU.ActiveCfg = Debug|Any CPU
		{5560DC20-3567-49A1-BC1C-BE521DDE2B39}.Debug|Any CPU.Build.0 = Debug|Any CPU
		{5560DC20-3567-49A1-BC1C-BE521DDE2B39}.Release|Any CPU.ActiveCfg = Release|Any CPU
		{5560DC20-3567-49A1-BC1C-BE521DDE2B39}.Release|Any CPU.Build.0 = Release|Any CPU
		{E16C2539-AB08-4CC7-B121-C5524E0E1001}.Debug|Any CPU.ActiveCfg = Debug|Any CPU
		{E16C2539-AB08-4CC7-B121-C5524E0E1001}.Debug|Any CPU.Build.0 = Debug|Any CPU
		{E16C2539-AB08-4CC7-B121-C5524E0E1001}.Release|Any CPU.ActiveCfg = Release|Any CPU
		{E16C2539-AB08-4CC7-B121-C5524E0E1001}.Release|Any CPU.Build.0 = Release|Any CPU
		{9FA42986-526E-46D9-94B3-A6D2F45A5EC0}.Debug|Any CPU.ActiveCfg = Debug|Any CPU
		{9FA42986-526E-46D9-94B3-A6D2F45A5EC0}.Debug|Any CPU.Build.0 = Debug|Any CPU
		{9FA42986-526E-46D9-94B3-A6D2F45A5EC0}.Release|Any CPU.ActiveCfg = Release|Any CPU
		{9FA42986-526E-46D9-94B3-A6D2F45A5EC0}.Release|Any CPU.Build.0 = Release|Any CPU
		{FDE727D5-7D9F-44A8-BB08-0BF998B13BA0}.Debug|Any CPU.ActiveCfg = Debug|Any CPU
		{FDE727D5-7D9F-44A8-BB08-0BF998B13BA0}.Debug|Any CPU.Build.0 = Debug|Any CPU
		{FDE727D5-7D9F-44A8-BB08-0BF998B13BA0}.Release|Any CPU.ActiveCfg = Release|Any CPU
		{FDE727D5-7D9F-44A8-BB08-0BF998B13BA0}.Release|Any CPU.Build.0 = Release|Any CPU
		{6EB52598-0094-4032-A145-A4B1D393F095}.Debug|Any CPU.ActiveCfg = Debug|Any CPU
		{6EB52598-0094-4032-A145-A4B1D393F095}.Debug|Any CPU.Build.0 = Debug|Any CPU
		{6EB52598-0094-4032-A145-A4B1D393F095}.Release|Any CPU.ActiveCfg = Release|Any CPU
		{6EB52598-0094-4032-A145-A4B1D393F095}.Release|Any CPU.Build.0 = Release|Any CPU
		{7A2EDFC1-DA74-448F-9C12-829631E236D6}.Debug|Any CPU.ActiveCfg = Debug|Any CPU
		{7A2EDFC1-DA74-448F-9C12-829631E236D6}.Debug|Any CPU.Build.0 = Debug|Any CPU
		{7A2EDFC1-DA74-448F-9C12-829631E236D6}.Release|Any CPU.ActiveCfg = Release|Any CPU
		{7A2EDFC1-DA74-448F-9C12-829631E236D6}.Release|Any CPU.Build.0 = Release|Any CPU
		{714C62CC-C01E-4A83-AD16-0D2FE41497E0}.Debug|Any CPU.ActiveCfg = Debug|Any CPU
		{714C62CC-C01E-4A83-AD16-0D2FE41497E0}.Debug|Any CPU.Build.0 = Debug|Any CPU
		{714C62CC-C01E-4A83-AD16-0D2FE41497E0}.Release|Any CPU.ActiveCfg = Release|Any CPU
		{714C62CC-C01E-4A83-AD16-0D2FE41497E0}.Release|Any CPU.Build.0 = Release|Any CPU
		{2A80F4D3-87FF-4413-A546-7755C00343C0}.Debug|Any CPU.ActiveCfg = Debug|Any CPU
		{2A80F4D3-87FF-4413-A546-7755C00343C0}.Debug|Any CPU.Build.0 = Debug|Any CPU
		{2A80F4D3-87FF-4413-A546-7755C00343C0}.Release|Any CPU.ActiveCfg = Release|Any CPU
		{2A80F4D3-87FF-4413-A546-7755C00343C0}.Release|Any CPU.Build.0 = Release|Any CPU
		{21DB0320-2B84-4458-919F-6258A9AB2A0D}.Debug|Any CPU.ActiveCfg = Debug|Any CPU
		{21DB0320-2B84-4458-919F-6258A9AB2A0D}.Debug|Any CPU.Build.0 = Debug|Any CPU
		{21DB0320-2B84-4458-919F-6258A9AB2A0D}.Release|Any CPU.ActiveCfg = Release|Any CPU
		{21DB0320-2B84-4458-919F-6258A9AB2A0D}.Release|Any CPU.Build.0 = Release|Any CPU
		{735D65D3-D9DE-48E0-8930-F83737C3429D}.Debug|Any CPU.ActiveCfg = Debug|Any CPU
		{735D65D3-D9DE-48E0-8930-F83737C3429D}.Debug|Any CPU.Build.0 = Debug|Any CPU
		{735D65D3-D9DE-48E0-8930-F83737C3429D}.Release|Any CPU.ActiveCfg = Release|Any CPU
		{735D65D3-D9DE-48E0-8930-F83737C3429D}.Release|Any CPU.Build.0 = Release|Any CPU
		{EA4BEEFA-DEE0-4B2C-9142-D4C5CB7975A6}.Debug|Any CPU.ActiveCfg = Debug|Any CPU
		{EA4BEEFA-DEE0-4B2C-9142-D4C5CB7975A6}.Debug|Any CPU.Build.0 = Debug|Any CPU
		{EA4BEEFA-DEE0-4B2C-9142-D4C5CB7975A6}.Release|Any CPU.ActiveCfg = Release|Any CPU
		{EA4BEEFA-DEE0-4B2C-9142-D4C5CB7975A6}.Release|Any CPU.Build.0 = Release|Any CPU
		{28AABA3C-3AA9-48DF-8BFD-839BF4B7669E}.Debug|Any CPU.ActiveCfg = Debug|Any CPU
		{28AABA3C-3AA9-48DF-8BFD-839BF4B7669E}.Debug|Any CPU.Build.0 = Debug|Any CPU
		{28AABA3C-3AA9-48DF-8BFD-839BF4B7669E}.Release|Any CPU.ActiveCfg = Release|Any CPU
		{28AABA3C-3AA9-48DF-8BFD-839BF4B7669E}.Release|Any CPU.Build.0 = Release|Any CPU
		{5619AFEF-A867-4543-B494-5CEDF654CCD2}.Debug|Any CPU.ActiveCfg = Debug|Any CPU
		{5619AFEF-A867-4543-B494-5CEDF654CCD2}.Debug|Any CPU.Build.0 = Debug|Any CPU
		{5619AFEF-A867-4543-B494-5CEDF654CCD2}.Release|Any CPU.ActiveCfg = Release|Any CPU
		{5619AFEF-A867-4543-B494-5CEDF654CCD2}.Release|Any CPU.Build.0 = Release|Any CPU
		{A5167A65-B158-42F1-9C4A-333D3E3519A1}.Debug|Any CPU.ActiveCfg = Debug|Any CPU
		{A5167A65-B158-42F1-9C4A-333D3E3519A1}.Debug|Any CPU.Build.0 = Debug|Any CPU
		{A5167A65-B158-42F1-9C4A-333D3E3519A1}.Release|Any CPU.ActiveCfg = Release|Any CPU
		{A5167A65-B158-42F1-9C4A-333D3E3519A1}.Release|Any CPU.Build.0 = Release|Any CPU
		{1117CDCD-05B2-48A1-91E1-60BCEBE8C40F}.Debug|Any CPU.ActiveCfg = Debug|Any CPU
		{1117CDCD-05B2-48A1-91E1-60BCEBE8C40F}.Debug|Any CPU.Build.0 = Debug|Any CPU
		{1117CDCD-05B2-48A1-91E1-60BCEBE8C40F}.Release|Any CPU.ActiveCfg = Release|Any CPU
		{1117CDCD-05B2-48A1-91E1-60BCEBE8C40F}.Release|Any CPU.Build.0 = Release|Any CPU
		{38110BDE-C5AA-4D66-8246-8753F4A32218}.Debug|Any CPU.ActiveCfg = Debug|Any CPU
		{38110BDE-C5AA-4D66-8246-8753F4A32218}.Debug|Any CPU.Build.0 = Debug|Any CPU
		{38110BDE-C5AA-4D66-8246-8753F4A32218}.Release|Any CPU.ActiveCfg = Release|Any CPU
		{38110BDE-C5AA-4D66-8246-8753F4A32218}.Release|Any CPU.Build.0 = Release|Any CPU
		{CFB2C4E3-5AC2-44F4-8411-067E0ADAB1AC}.Debug|Any CPU.ActiveCfg = Debug|Any CPU
		{CFB2C4E3-5AC2-44F4-8411-067E0ADAB1AC}.Debug|Any CPU.Build.0 = Debug|Any CPU
		{CFB2C4E3-5AC2-44F4-8411-067E0ADAB1AC}.Release|Any CPU.ActiveCfg = Release|Any CPU
		{CFB2C4E3-5AC2-44F4-8411-067E0ADAB1AC}.Release|Any CPU.Build.0 = Release|Any CPU
		{0D4C0745-71BA-4973-8496-3929CEEBD34D}.Debug|Any CPU.ActiveCfg = Debug|Any CPU
		{0D4C0745-71BA-4973-8496-3929CEEBD34D}.Debug|Any CPU.Build.0 = Debug|Any CPU
		{0D4C0745-71BA-4973-8496-3929CEEBD34D}.Release|Any CPU.ActiveCfg = Release|Any CPU
		{0D4C0745-71BA-4973-8496-3929CEEBD34D}.Release|Any CPU.Build.0 = Release|Any CPU
		{9BEC5E78-ABD6-4194-A794-7E52E7FF3706}.Debug|Any CPU.ActiveCfg = Debug|Any CPU
		{9BEC5E78-ABD6-4194-A794-7E52E7FF3706}.Debug|Any CPU.Build.0 = Debug|Any CPU
		{9BEC5E78-ABD6-4194-A794-7E52E7FF3706}.Release|Any CPU.ActiveCfg = Release|Any CPU
		{9BEC5E78-ABD6-4194-A794-7E52E7FF3706}.Release|Any CPU.Build.0 = Release|Any CPU
		{335DF564-AA14-45FD-A081-83D072570EE5}.Debug|Any CPU.ActiveCfg = Debug|Any CPU
		{335DF564-AA14-45FD-A081-83D072570EE5}.Debug|Any CPU.Build.0 = Debug|Any CPU
		{335DF564-AA14-45FD-A081-83D072570EE5}.Release|Any CPU.ActiveCfg = Release|Any CPU
		{335DF564-AA14-45FD-A081-83D072570EE5}.Release|Any CPU.Build.0 = Release|Any CPU
		{DAF799DA-0681-4E03-A970-640F00838110}.Debug|Any CPU.ActiveCfg = Debug|Any CPU
		{DAF799DA-0681-4E03-A970-640F00838110}.Debug|Any CPU.Build.0 = Debug|Any CPU
		{DAF799DA-0681-4E03-A970-640F00838110}.Release|Any CPU.ActiveCfg = Release|Any CPU
		{DAF799DA-0681-4E03-A970-640F00838110}.Release|Any CPU.Build.0 = Release|Any CPU
		{73B0B854-4718-4F41-8C19-8AC38B18A085}.Debug|Any CPU.ActiveCfg = Debug|Any CPU
		{73B0B854-4718-4F41-8C19-8AC38B18A085}.Debug|Any CPU.Build.0 = Debug|Any CPU
		{73B0B854-4718-4F41-8C19-8AC38B18A085}.Release|Any CPU.ActiveCfg = Release|Any CPU
		{73B0B854-4718-4F41-8C19-8AC38B18A085}.Release|Any CPU.Build.0 = Release|Any CPU
		{BC100CF2-6DFB-4932-9BFA-E47C98FA4690}.Debug|Any CPU.ActiveCfg = Debug|Any CPU
		{BC100CF2-6DFB-4932-9BFA-E47C98FA4690}.Debug|Any CPU.Build.0 = Debug|Any CPU
		{BC100CF2-6DFB-4932-9BFA-E47C98FA4690}.Release|Any CPU.ActiveCfg = Release|Any CPU
		{BC100CF2-6DFB-4932-9BFA-E47C98FA4690}.Release|Any CPU.Build.0 = Release|Any CPU
		{15A0BED0-5D3F-4547-82F7-86FBBFB99E04}.Debug|Any CPU.ActiveCfg = Debug|Any CPU
		{15A0BED0-5D3F-4547-82F7-86FBBFB99E04}.Debug|Any CPU.Build.0 = Debug|Any CPU
		{15A0BED0-5D3F-4547-82F7-86FBBFB99E04}.Release|Any CPU.ActiveCfg = Release|Any CPU
		{15A0BED0-5D3F-4547-82F7-86FBBFB99E04}.Release|Any CPU.Build.0 = Release|Any CPU
		{FB5501D3-4987-454A-B9E6-0719CB9B9488}.Debug|Any CPU.ActiveCfg = Debug|Any CPU
		{FB5501D3-4987-454A-B9E6-0719CB9B9488}.Debug|Any CPU.Build.0 = Debug|Any CPU
		{FB5501D3-4987-454A-B9E6-0719CB9B9488}.Release|Any CPU.ActiveCfg = Release|Any CPU
		{FB5501D3-4987-454A-B9E6-0719CB9B9488}.Release|Any CPU.Build.0 = Release|Any CPU
		{849FC89E-97BA-4CD2-8912-58364DB7DEDC}.Debug|Any CPU.ActiveCfg = Debug|Any CPU
		{849FC89E-97BA-4CD2-8912-58364DB7DEDC}.Debug|Any CPU.Build.0 = Debug|Any CPU
		{849FC89E-97BA-4CD2-8912-58364DB7DEDC}.Release|Any CPU.ActiveCfg = Release|Any CPU
		{849FC89E-97BA-4CD2-8912-58364DB7DEDC}.Release|Any CPU.Build.0 = Release|Any CPU
		{2374CA11-C149-4F21-90FD-EAC51784085C}.Debug|Any CPU.ActiveCfg = Debug|Any CPU
		{2374CA11-C149-4F21-90FD-EAC51784085C}.Debug|Any CPU.Build.0 = Debug|Any CPU
		{2374CA11-C149-4F21-90FD-EAC51784085C}.Release|Any CPU.ActiveCfg = Release|Any CPU
		{2374CA11-C149-4F21-90FD-EAC51784085C}.Release|Any CPU.Build.0 = Release|Any CPU
		{EE8BA314-DD03-43B5-B57F-63A535DD16D3}.Debug|Any CPU.ActiveCfg = Debug|Any CPU
		{EE8BA314-DD03-43B5-B57F-63A535DD16D3}.Debug|Any CPU.Build.0 = Debug|Any CPU
		{EE8BA314-DD03-43B5-B57F-63A535DD16D3}.Release|Any CPU.ActiveCfg = Release|Any CPU
		{EE8BA314-DD03-43B5-B57F-63A535DD16D3}.Release|Any CPU.Build.0 = Release|Any CPU
		{53860590-585E-4D08-A6B6-DB78AACE1DEE}.Debug|Any CPU.ActiveCfg = Debug|Any CPU
		{53860590-585E-4D08-A6B6-DB78AACE1DEE}.Debug|Any CPU.Build.0 = Debug|Any CPU
		{53860590-585E-4D08-A6B6-DB78AACE1DEE}.Release|Any CPU.ActiveCfg = Release|Any CPU
		{53860590-585E-4D08-A6B6-DB78AACE1DEE}.Release|Any CPU.Build.0 = Release|Any CPU
		{61B60447-7F39-40E1-B7F6-C87D947F9A8B}.Debug|Any CPU.ActiveCfg = Debug|Any CPU
		{61B60447-7F39-40E1-B7F6-C87D947F9A8B}.Debug|Any CPU.Build.0 = Debug|Any CPU
		{61B60447-7F39-40E1-B7F6-C87D947F9A8B}.Release|Any CPU.ActiveCfg = Release|Any CPU
		{61B60447-7F39-40E1-B7F6-C87D947F9A8B}.Release|Any CPU.Build.0 = Release|Any CPU
		{C9BF5F4F-6A4A-46D9-86C2-8643412ACBDB}.Debug|Any CPU.ActiveCfg = Debug|Any CPU
		{C9BF5F4F-6A4A-46D9-86C2-8643412ACBDB}.Debug|Any CPU.Build.0 = Debug|Any CPU
		{C9BF5F4F-6A4A-46D9-86C2-8643412ACBDB}.Release|Any CPU.ActiveCfg = Release|Any CPU
		{C9BF5F4F-6A4A-46D9-86C2-8643412ACBDB}.Release|Any CPU.Build.0 = Release|Any CPU
		{2015676E-038F-4762-9AB0-A944B75C59D6}.Debug|Any CPU.ActiveCfg = Debug|Any CPU
		{2015676E-038F-4762-9AB0-A944B75C59D6}.Debug|Any CPU.Build.0 = Debug|Any CPU
		{2015676E-038F-4762-9AB0-A944B75C59D6}.Release|Any CPU.ActiveCfg = Release|Any CPU
		{2015676E-038F-4762-9AB0-A944B75C59D6}.Release|Any CPU.Build.0 = Release|Any CPU
		{B31B0030-42DE-4A1E-84CB-43C7105E204D}.Debug|Any CPU.ActiveCfg = Debug|Any CPU
		{B31B0030-42DE-4A1E-84CB-43C7105E204D}.Debug|Any CPU.Build.0 = Debug|Any CPU
		{B31B0030-42DE-4A1E-84CB-43C7105E204D}.Release|Any CPU.ActiveCfg = Release|Any CPU
		{B31B0030-42DE-4A1E-84CB-43C7105E204D}.Release|Any CPU.Build.0 = Release|Any CPU
		{EFCF3676-3A61-4D62-B2F6-AD299DBF4B00}.Debug|Any CPU.ActiveCfg = Debug|Any CPU
		{EFCF3676-3A61-4D62-B2F6-AD299DBF4B00}.Debug|Any CPU.Build.0 = Debug|Any CPU
		{EFCF3676-3A61-4D62-B2F6-AD299DBF4B00}.Release|Any CPU.ActiveCfg = Release|Any CPU
		{EFCF3676-3A61-4D62-B2F6-AD299DBF4B00}.Release|Any CPU.Build.0 = Release|Any CPU
		{AB54AAE2-64D4-4883-8E0B-CEE605B86CBF}.Debug|Any CPU.ActiveCfg = Debug|Any CPU
		{AB54AAE2-64D4-4883-8E0B-CEE605B86CBF}.Debug|Any CPU.Build.0 = Debug|Any CPU
		{AB54AAE2-64D4-4883-8E0B-CEE605B86CBF}.Release|Any CPU.ActiveCfg = Release|Any CPU
		{AB54AAE2-64D4-4883-8E0B-CEE605B86CBF}.Release|Any CPU.Build.0 = Release|Any CPU
		{761ED724-C2E4-4D6C-A98D-5367F4B754DD}.Debug|Any CPU.ActiveCfg = Debug|Any CPU
		{761ED724-C2E4-4D6C-A98D-5367F4B754DD}.Debug|Any CPU.Build.0 = Debug|Any CPU
		{761ED724-C2E4-4D6C-A98D-5367F4B754DD}.Release|Any CPU.ActiveCfg = Release|Any CPU
		{761ED724-C2E4-4D6C-A98D-5367F4B754DD}.Release|Any CPU.Build.0 = Release|Any CPU
		{D8E1151B-E61A-4BAF-930D-686D4ED29F66}.Debug|Any CPU.ActiveCfg = Debug|Any CPU
		{D8E1151B-E61A-4BAF-930D-686D4ED29F66}.Debug|Any CPU.Build.0 = Debug|Any CPU
		{D8E1151B-E61A-4BAF-930D-686D4ED29F66}.Release|Any CPU.ActiveCfg = Release|Any CPU
		{D8E1151B-E61A-4BAF-930D-686D4ED29F66}.Release|Any CPU.Build.0 = Release|Any CPU
		{C5AF568F-34E9-45B2-A54D-64806644D86B}.Debug|Any CPU.ActiveCfg = Debug|Any CPU
		{C5AF568F-34E9-45B2-A54D-64806644D86B}.Debug|Any CPU.Build.0 = Debug|Any CPU
		{C5AF568F-34E9-45B2-A54D-64806644D86B}.Release|Any CPU.ActiveCfg = Release|Any CPU
		{C5AF568F-34E9-45B2-A54D-64806644D86B}.Release|Any CPU.Build.0 = Release|Any CPU
		{B3749E1E-0083-4E53-8FB8-9AAFC49EBB8B}.Debug|Any CPU.ActiveCfg = Debug|Any CPU
		{B3749E1E-0083-4E53-8FB8-9AAFC49EBB8B}.Debug|Any CPU.Build.0 = Debug|Any CPU
		{B3749E1E-0083-4E53-8FB8-9AAFC49EBB8B}.Release|Any CPU.ActiveCfg = Release|Any CPU
		{B3749E1E-0083-4E53-8FB8-9AAFC49EBB8B}.Release|Any CPU.Build.0 = Release|Any CPU
		{62AB50F5-41BC-4E12-92EE-21038F70D605}.Debug|Any CPU.ActiveCfg = Debug|Any CPU
		{62AB50F5-41BC-4E12-92EE-21038F70D605}.Debug|Any CPU.Build.0 = Debug|Any CPU
		{62AB50F5-41BC-4E12-92EE-21038F70D605}.Release|Any CPU.ActiveCfg = Release|Any CPU
		{62AB50F5-41BC-4E12-92EE-21038F70D605}.Release|Any CPU.Build.0 = Release|Any CPU
		{6BE5D9A8-0F90-4EA3-A470-07E37E286D4D}.Debug|Any CPU.ActiveCfg = Debug|Any CPU
		{6BE5D9A8-0F90-4EA3-A470-07E37E286D4D}.Debug|Any CPU.Build.0 = Debug|Any CPU
		{6BE5D9A8-0F90-4EA3-A470-07E37E286D4D}.Release|Any CPU.ActiveCfg = Release|Any CPU
		{6BE5D9A8-0F90-4EA3-A470-07E37E286D4D}.Release|Any CPU.Build.0 = Release|Any CPU
		{511346B4-07E3-42D6-9A12-9F28061A4D95}.Debug|Any CPU.ActiveCfg = Debug|Any CPU
		{511346B4-07E3-42D6-9A12-9F28061A4D95}.Debug|Any CPU.Build.0 = Debug|Any CPU
		{511346B4-07E3-42D6-9A12-9F28061A4D95}.Release|Any CPU.ActiveCfg = Release|Any CPU
		{511346B4-07E3-42D6-9A12-9F28061A4D95}.Release|Any CPU.Build.0 = Release|Any CPU
		{E06C3333-3BBF-467A-9C69-0E30F9C1E52B}.Debug|Any CPU.ActiveCfg = Debug|Any CPU
		{E06C3333-3BBF-467A-9C69-0E30F9C1E52B}.Debug|Any CPU.Build.0 = Debug|Any CPU
		{E06C3333-3BBF-467A-9C69-0E30F9C1E52B}.Release|Any CPU.ActiveCfg = Release|Any CPU
		{E06C3333-3BBF-467A-9C69-0E30F9C1E52B}.Release|Any CPU.Build.0 = Release|Any CPU
		{AF9B291A-3F36-4975-A2D4-7E57C3600777}.Debug|Any CPU.ActiveCfg = Debug|Any CPU
		{AF9B291A-3F36-4975-A2D4-7E57C3600777}.Debug|Any CPU.Build.0 = Debug|Any CPU
		{AF9B291A-3F36-4975-A2D4-7E57C3600777}.Release|Any CPU.ActiveCfg = Release|Any CPU
		{AF9B291A-3F36-4975-A2D4-7E57C3600777}.Release|Any CPU.Build.0 = Release|Any CPU
		{1ED5AD3E-B607-4A7D-BE5C-D9A95D076AE0}.Debug|Any CPU.ActiveCfg = Debug|Any CPU
		{1ED5AD3E-B607-4A7D-BE5C-D9A95D076AE0}.Debug|Any CPU.Build.0 = Debug|Any CPU
		{1ED5AD3E-B607-4A7D-BE5C-D9A95D076AE0}.Release|Any CPU.ActiveCfg = Release|Any CPU
		{1ED5AD3E-B607-4A7D-BE5C-D9A95D076AE0}.Release|Any CPU.Build.0 = Release|Any CPU
		{299861E2-8CF4-4870-9008-5467FF740AD0}.Debug|Any CPU.ActiveCfg = Debug|Any CPU
		{299861E2-8CF4-4870-9008-5467FF740AD0}.Debug|Any CPU.Build.0 = Debug|Any CPU
		{299861E2-8CF4-4870-9008-5467FF740AD0}.Release|Any CPU.ActiveCfg = Release|Any CPU
		{299861E2-8CF4-4870-9008-5467FF740AD0}.Release|Any CPU.Build.0 = Release|Any CPU
		{075697A1-5E98-4C54-88BB-B1D85D6E41AA}.Debug|Any CPU.ActiveCfg = Debug|Any CPU
		{075697A1-5E98-4C54-88BB-B1D85D6E41AA}.Debug|Any CPU.Build.0 = Debug|Any CPU
		{075697A1-5E98-4C54-88BB-B1D85D6E41AA}.Release|Any CPU.ActiveCfg = Release|Any CPU
		{075697A1-5E98-4C54-88BB-B1D85D6E41AA}.Release|Any CPU.Build.0 = Release|Any CPU
		{36E56CB4-4438-4333-8D5D-9E1EF4E7334D}.Debug|Any CPU.ActiveCfg = Debug|Any CPU
		{36E56CB4-4438-4333-8D5D-9E1EF4E7334D}.Debug|Any CPU.Build.0 = Debug|Any CPU
		{36E56CB4-4438-4333-8D5D-9E1EF4E7334D}.Release|Any CPU.ActiveCfg = Release|Any CPU
		{36E56CB4-4438-4333-8D5D-9E1EF4E7334D}.Release|Any CPU.Build.0 = Release|Any CPU
		{740D67D4-42FF-4D7E-808F-6AD0D82ACE7E}.Debug|Any CPU.ActiveCfg = Debug|Any CPU
		{740D67D4-42FF-4D7E-808F-6AD0D82ACE7E}.Debug|Any CPU.Build.0 = Debug|Any CPU
		{740D67D4-42FF-4D7E-808F-6AD0D82ACE7E}.Release|Any CPU.ActiveCfg = Release|Any CPU
		{740D67D4-42FF-4D7E-808F-6AD0D82ACE7E}.Release|Any CPU.Build.0 = Release|Any CPU
		{97E53EB6-A60A-4724-936A-FDC3A4EC2986}.Debug|Any CPU.ActiveCfg = Debug|Any CPU
		{97E53EB6-A60A-4724-936A-FDC3A4EC2986}.Debug|Any CPU.Build.0 = Debug|Any CPU
		{97E53EB6-A60A-4724-936A-FDC3A4EC2986}.Release|Any CPU.ActiveCfg = Release|Any CPU
		{97E53EB6-A60A-4724-936A-FDC3A4EC2986}.Release|Any CPU.Build.0 = Release|Any CPU
		{18FE816F-EE72-4374-8CFD-903B7EE8F4B9}.Debug|Any CPU.ActiveCfg = Debug|Any CPU
		{18FE816F-EE72-4374-8CFD-903B7EE8F4B9}.Debug|Any CPU.Build.0 = Debug|Any CPU
		{18FE816F-EE72-4374-8CFD-903B7EE8F4B9}.Release|Any CPU.ActiveCfg = Release|Any CPU
		{18FE816F-EE72-4374-8CFD-903B7EE8F4B9}.Release|Any CPU.Build.0 = Release|Any CPU
		{AB410F62-D5D9-4ED8-AE5B-2D95125285F1}.Debug|Any CPU.ActiveCfg = Debug|Any CPU
		{AB410F62-D5D9-4ED8-AE5B-2D95125285F1}.Debug|Any CPU.Build.0 = Debug|Any CPU
		{AB410F62-D5D9-4ED8-AE5B-2D95125285F1}.Release|Any CPU.ActiveCfg = Release|Any CPU
		{AB410F62-D5D9-4ED8-AE5B-2D95125285F1}.Release|Any CPU.Build.0 = Release|Any CPU
		{D31948EF-E16F-41B9-B11A-4C8B6A3ACD3C}.Debug|Any CPU.ActiveCfg = Debug|Any CPU
		{D31948EF-E16F-41B9-B11A-4C8B6A3ACD3C}.Debug|Any CPU.Build.0 = Debug|Any CPU
		{D31948EF-E16F-41B9-B11A-4C8B6A3ACD3C}.Release|Any CPU.ActiveCfg = Release|Any CPU
		{D31948EF-E16F-41B9-B11A-4C8B6A3ACD3C}.Release|Any CPU.Build.0 = Release|Any CPU
	EndGlobalSection
	GlobalSection(NestedProjects) = preSolution
		{D164DF44-D12F-4FC3-A7F4-6E10CD5A7D8A} = {A530088D-A43B-4526-A906-595919E376F2}
		{AC4A12C0-84D0-4B62-99D8-AA0474451AE7} = {15A660CE-0FF0-420D-95A2-18AC6CBF1579}
		{FD6F8BB3-359B-41CA-96D4-D7CFCF2A88A8} = {C74D1299-EDB5-4CAC-8255-BA11848B491B}
		{7443092F-3666-4D0A-A574-20F7E96F2BF9} = {A530088D-A43B-4526-A906-595919E376F2}
		{294F1E27-2686-47B7-940E-238C5BEBEBBC} = {7443092F-3666-4D0A-A574-20F7E96F2BF9}
		{42334E59-071A-494A-947B-2D67D2ED33E1} = {7443092F-3666-4D0A-A574-20F7E96F2BF9}
		{665373FE-0030-4DFE-B0E8-FCCACD285BED} = {C74D1299-EDB5-4CAC-8255-BA11848B491B}
		{1A3018DB-4FBB-4AD9-8D3E-4A79DCECC0FF} = {A530088D-A43B-4526-A906-595919E376F2}
		{9D3257BA-365F-4CF8-98E6-992AE7D9BE9D} = {C74D1299-EDB5-4CAC-8255-BA11848B491B}
		{E6848F50-276B-471B-9564-5C16D276241F} = {A530088D-A43B-4526-A906-595919E376F2}
		{2B8D4436-8C7C-4851-95CC-FACFDD0F8F47} = {A530088D-A43B-4526-A906-595919E376F2}
		{D74435F0-0AC2-47DA-AF21-636C1A45FDED} = {2B8D4436-8C7C-4851-95CC-FACFDD0F8F47}
		{1F34D1A1-523D-4BC8-82D0-C3A92894594A} = {2B8D4436-8C7C-4851-95CC-FACFDD0F8F47}
		{8BA77253-EF1B-4B50-B675-33685122F985} = {C74D1299-EDB5-4CAC-8255-BA11848B491B}
		{75A76ED8-70F9-4909-BB1A-5599AE21242C} = {E6848F50-276B-471B-9564-5C16D276241F}
		{5346348F-156F-4337-B8E9-E2616E41A6C7} = {E6848F50-276B-471B-9564-5C16D276241F}
		{5560DC20-3567-49A1-BC1C-BE521DDE2B39} = {C74D1299-EDB5-4CAC-8255-BA11848B491B}
		{E37A215A-7B44-4B63-9ACB-DA4175C7D185} = {A530088D-A43B-4526-A906-595919E376F2}
		{E16C2539-AB08-4CC7-B121-C5524E0E1001} = {E37A215A-7B44-4B63-9ACB-DA4175C7D185}
		{9FA42986-526E-46D9-94B3-A6D2F45A5EC0} = {E37A215A-7B44-4B63-9ACB-DA4175C7D185}
		{FDE727D5-7D9F-44A8-BB08-0BF998B13BA0} = {C74D1299-EDB5-4CAC-8255-BA11848B491B}
		{714C62CC-C01E-4A83-AD16-0D2FE41497E0} = {C74D1299-EDB5-4CAC-8255-BA11848B491B}
		{21DB0320-2B84-4458-919F-6258A9AB2A0D} = {41A6E6B0-D08A-4AAD-81AA-4D53FBA2AB0D}
		{735D65D3-D9DE-48E0-8930-F83737C3429D} = {41A6E6B0-D08A-4AAD-81AA-4D53FBA2AB0D}
		{EA4BEEFA-DEE0-4B2C-9142-D4C5CB7975A6} = {41A6E6B0-D08A-4AAD-81AA-4D53FBA2AB0D}
		{5619AFEF-A867-4543-B494-5CEDF654CCD2} = {41A6E6B0-D08A-4AAD-81AA-4D53FBA2AB0D}
		{A5167A65-B158-42F1-9C4A-333D3E3519A1} = {C74D1299-EDB5-4CAC-8255-BA11848B491B}
		{CFB2C4E3-5AC2-44F4-8411-067E0ADAB1AC} = {C74D1299-EDB5-4CAC-8255-BA11848B491B}
		{0D4C0745-71BA-4973-8496-3929CEEBD34D} = {C74D1299-EDB5-4CAC-8255-BA11848B491B}
		{DAF799DA-0681-4E03-A970-640F00838110} = {C74D1299-EDB5-4CAC-8255-BA11848B491B}
		{73B0B854-4718-4F41-8C19-8AC38B18A085} = {41A6E6B0-D08A-4AAD-81AA-4D53FBA2AB0D}
		{BC100CF2-6DFB-4932-9BFA-E47C98FA4690} = {41A6E6B0-D08A-4AAD-81AA-4D53FBA2AB0D}
		{D91EFBF6-C407-4287-895C-9EB5A819C1AA} = {A530088D-A43B-4526-A906-595919E376F2}
		{15A0BED0-5D3F-4547-82F7-86FBBFB99E04} = {D91EFBF6-C407-4287-895C-9EB5A819C1AA}
		{FB5501D3-4987-454A-B9E6-0719CB9B9488} = {D91EFBF6-C407-4287-895C-9EB5A819C1AA}
		{849FC89E-97BA-4CD2-8912-58364DB7DEDC} = {C74D1299-EDB5-4CAC-8255-BA11848B491B}
		{2015676E-038F-4762-9AB0-A944B75C59D6} = {E6848F50-276B-471B-9564-5C16D276241F}
		{B31B0030-42DE-4A1E-84CB-43C7105E204D} = {E6848F50-276B-471B-9564-5C16D276241F}
		{EFCF3676-3A61-4D62-B2F6-AD299DBF4B00} = {D91EFBF6-C407-4287-895C-9EB5A819C1AA}
		{AB54AAE2-64D4-4883-8E0B-CEE605B86CBF} = {D91EFBF6-C407-4287-895C-9EB5A819C1AA}
		{761ED724-C2E4-4D6C-A98D-5367F4B754DD} = {E37A215A-7B44-4B63-9ACB-DA4175C7D185}
		{D8E1151B-E61A-4BAF-930D-686D4ED29F66} = {E37A215A-7B44-4B63-9ACB-DA4175C7D185}
		{C5AF568F-34E9-45B2-A54D-64806644D86B} = {2B8D4436-8C7C-4851-95CC-FACFDD0F8F47}
		{B3749E1E-0083-4E53-8FB8-9AAFC49EBB8B} = {2B8D4436-8C7C-4851-95CC-FACFDD0F8F47}
		{9194031C-D49D-4FE8-8D90-FC7301AF8CEF} = {D164DF44-D12F-4FC3-A7F4-6E10CD5A7D8A}
		{CCB34FBE-59A5-466E-8D75-2748F429CFD5} = {9194031C-D49D-4FE8-8D90-FC7301AF8CEF}
		{53860590-585E-4D08-A6B6-DB78AACE1DEE} = {9194031C-D49D-4FE8-8D90-FC7301AF8CEF}
		{EA87106E-D9D2-4B67-95A1-EB4CE8B65992} = {9194031C-D49D-4FE8-8D90-FC7301AF8CEF}
		{2374CA11-C149-4F21-90FD-EAC51784085C} = {9194031C-D49D-4FE8-8D90-FC7301AF8CEF}
		{2CC941F6-F9EC-4F9E-8246-DDA0EA02C7FA} = {D164DF44-D12F-4FC3-A7F4-6E10CD5A7D8A}
		{6EB52598-0094-4032-A145-A4B1D393F095} = {2CC941F6-F9EC-4F9E-8246-DDA0EA02C7FA}
		{C9BF5F4F-6A4A-46D9-86C2-8643412ACBDB} = {2CC941F6-F9EC-4F9E-8246-DDA0EA02C7FA}
		{7A2EDFC1-DA74-448F-9C12-829631E236D6} = {2CC941F6-F9EC-4F9E-8246-DDA0EA02C7FA}
		{61B60447-7F39-40E1-B7F6-C87D947F9A8B} = {2CC941F6-F9EC-4F9E-8246-DDA0EA02C7FA}
		{D3739D4B-4198-478A-8769-7E01DF8B7AED} = {1A3018DB-4FBB-4AD9-8D3E-4A79DCECC0FF}
		{1117CDCD-05B2-48A1-91E1-60BCEBE8C40F} = {D3739D4B-4198-478A-8769-7E01DF8B7AED}
		{38110BDE-C5AA-4D66-8246-8753F4A32218} = {D3739D4B-4198-478A-8769-7E01DF8B7AED}
		{A953CDA4-7EC1-4E67-B501-77EAFA99A931} = {1A3018DB-4FBB-4AD9-8D3E-4A79DCECC0FF}
		{9E2C39F6-1A5E-4565-B3EE-C1A2EBC1617F} = {A953CDA4-7EC1-4E67-B501-77EAFA99A931}
		{C9D07C8B-A21E-4CC6-BE07-A1A42145F181} = {A953CDA4-7EC1-4E67-B501-77EAFA99A931}
		{491E2D2A-FB42-4070-8571-75F2F9F2BC0F} = {1A3018DB-4FBB-4AD9-8D3E-4A79DCECC0FF}
		{FB92540C-57E2-40DE-B005-58232E0F3610} = {491E2D2A-FB42-4070-8571-75F2F9F2BC0F}
		{DF7F9744-E8F4-477F-A2EC-5B52C1578BF8} = {491E2D2A-FB42-4070-8571-75F2F9F2BC0F}
		{AD253D97-21AC-4EB2-BF44-E694BB5B988C} = {1A3018DB-4FBB-4AD9-8D3E-4A79DCECC0FF}
		{9BEC5E78-ABD6-4194-A794-7E52E7FF3706} = {AD253D97-21AC-4EB2-BF44-E694BB5B988C}
		{335DF564-AA14-45FD-A081-83D072570EE5} = {AD253D97-21AC-4EB2-BF44-E694BB5B988C}
		{62AB50F5-41BC-4E12-92EE-21038F70D605} = {D3739D4B-4198-478A-8769-7E01DF8B7AED}
		{6BE5D9A8-0F90-4EA3-A470-07E37E286D4D} = {D3739D4B-4198-478A-8769-7E01DF8B7AED}
		{511346B4-07E3-42D6-9A12-9F28061A4D95} = {A953CDA4-7EC1-4E67-B501-77EAFA99A931}
		{E06C3333-3BBF-467A-9C69-0E30F9C1E52B} = {A953CDA4-7EC1-4E67-B501-77EAFA99A931}
		{AF9B291A-3F36-4975-A2D4-7E57C3600777} = {491E2D2A-FB42-4070-8571-75F2F9F2BC0F}
		{1ED5AD3E-B607-4A7D-BE5C-D9A95D076AE0} = {491E2D2A-FB42-4070-8571-75F2F9F2BC0F}
		{299861E2-8CF4-4870-9008-5467FF740AD0} = {AD253D97-21AC-4EB2-BF44-E694BB5B988C}
		{075697A1-5E98-4C54-88BB-B1D85D6E41AA} = {AD253D97-21AC-4EB2-BF44-E694BB5B988C}
		{36E56CB4-4438-4333-8D5D-9E1EF4E7334D} = {7443092F-3666-4D0A-A574-20F7E96F2BF9}
		{740D67D4-42FF-4D7E-808F-6AD0D82ACE7E} = {7443092F-3666-4D0A-A574-20F7E96F2BF9}
		{319EA5D8-6441-4182-80F4-9E693A1A9722} = {A530088D-A43B-4526-A906-595919E376F2}
		{97E53EB6-A60A-4724-936A-FDC3A4EC2986} = {319EA5D8-6441-4182-80F4-9E693A1A9722}
		{18FE816F-EE72-4374-8CFD-903B7EE8F4B9} = {319EA5D8-6441-4182-80F4-9E693A1A9722}
		{AB410F62-D5D9-4ED8-AE5B-2D95125285F1} = {319EA5D8-6441-4182-80F4-9E693A1A9722}
		{D31948EF-E16F-41B9-B11A-4C8B6A3ACD3C} = {319EA5D8-6441-4182-80F4-9E693A1A9722}
	EndGlobalSection
EndGlobal
